// !$*UTF8*$!
{
	archiveVersion = 1;
	classes = {
	};
	objectVersion = 46;
	objects = {

/* Begin PBXBuildFile section */
		391127D31DE3A8A800C3CB15 /* AppDelegate.swift in Sources */ = {isa = PBXBuildFile; fileRef = 391127D21DE3A8A800C3CB15 /* AppDelegate.swift */; };
		391127D61DE3A8A800C3CB15 /* FemTreKampApp.xcdatamodeld in Sources */ = {isa = PBXBuildFile; fileRef = 391127D41DE3A8A800C3CB15 /* FemTreKampApp.xcdatamodeld */; };
		391127D81DE3A8A800C3CB15 /* MasterViewController.swift in Sources */ = {isa = PBXBuildFile; fileRef = 391127D71DE3A8A800C3CB15 /* MasterViewController.swift */; };
		391127DA1DE3A8A800C3CB15 /* DetailViewController.swift in Sources */ = {isa = PBXBuildFile; fileRef = 391127D91DE3A8A800C3CB15 /* DetailViewController.swift */; };
		391127DD1DE3A8A800C3CB15 /* Main.storyboard in Resources */ = {isa = PBXBuildFile; fileRef = 391127DB1DE3A8A800C3CB15 /* Main.storyboard */; };
		391127DF1DE3A8A800C3CB15 /* Assets.xcassets in Resources */ = {isa = PBXBuildFile; fileRef = 391127DE1DE3A8A800C3CB15 /* Assets.xcassets */; };
		391127E21DE3A8A800C3CB15 /* LaunchScreen.storyboard in Resources */ = {isa = PBXBuildFile; fileRef = 391127E01DE3A8A800C3CB15 /* LaunchScreen.storyboard */; };
		391127ED1DE3A8A800C3CB15 /* FemTreKampAppTests.swift in Sources */ = {isa = PBXBuildFile; fileRef = 391127EC1DE3A8A800C3CB15 /* FemTreKampAppTests.swift */; };
		391127F81DE3A8A800C3CB15 /* FemTreKampAppUITests.swift in Sources */ = {isa = PBXBuildFile; fileRef = 391127F71DE3A8A800C3CB15 /* FemTreKampAppUITests.swift */; };
/* End PBXBuildFile section */

/* Begin PBXContainerItemProxy section */
		391127E91DE3A8A800C3CB15 /* PBXContainerItemProxy */ = {
			isa = PBXContainerItemProxy;
			containerPortal = 391127C71DE3A8A800C3CB15 /* Project object */;
			proxyType = 1;
			remoteGlobalIDString = 391127CE1DE3A8A800C3CB15;
			remoteInfo = FemTreKampApp;
		};
		391127F41DE3A8A800C3CB15 /* PBXContainerItemProxy */ = {
			isa = PBXContainerItemProxy;
			containerPortal = 391127C71DE3A8A800C3CB15 /* Project object */;
			proxyType = 1;
			remoteGlobalIDString = 391127CE1DE3A8A800C3CB15;
			remoteInfo = FemTreKampApp;
		};
/* End PBXContainerItemProxy section */

/* Begin PBXFileReference section */
		391127CF1DE3A8A800C3CB15 /* FemTreKampApp.app */ = {isa = PBXFileReference; explicitFileType = wrapper.application; includeInIndex = 0; path = FemTreKampApp.app; sourceTree = BUILT_PRODUCTS_DIR; };
		391127D21DE3A8A800C3CB15 /* AppDelegate.swift */ = {isa = PBXFileReference; lastKnownFileType = sourcecode.swift; path = AppDelegate.swift; sourceTree = "<group>"; };
		391127D51DE3A8A800C3CB15 /* FemTreKampApp.xcdatamodel */ = {isa = PBXFileReference; lastKnownFileType = wrapper.xcdatamodel; path = FemTreKampApp.xcdatamodel; sourceTree = "<group>"; };
		391127D71DE3A8A800C3CB15 /* MasterViewController.swift */ = {isa = PBXFileReference; lastKnownFileType = sourcecode.swift; path = MasterViewController.swift; sourceTree = "<group>"; };
		391127D91DE3A8A800C3CB15 /* DetailViewController.swift */ = {isa = PBXFileReference; lastKnownFileType = sourcecode.swift; path = DetailViewController.swift; sourceTree = "<group>"; };
		391127DC1DE3A8A800C3CB15 /* Base */ = {isa = PBXFileReference; lastKnownFileType = file.storyboard; name = Base; path = Base.lproj/Main.storyboard; sourceTree = "<group>"; };
		391127DE1DE3A8A800C3CB15 /* Assets.xcassets */ = {isa = PBXFileReference; lastKnownFileType = folder.assetcatalog; path = Assets.xcassets; sourceTree = "<group>"; };
		391127E11DE3A8A800C3CB15 /* Base */ = {isa = PBXFileReference; lastKnownFileType = file.storyboard; name = Base; path = Base.lproj/LaunchScreen.storyboard; sourceTree = "<group>"; };
		391127E31DE3A8A800C3CB15 /* Info.plist */ = {isa = PBXFileReference; lastKnownFileType = text.plist.xml; path = Info.plist; sourceTree = "<group>"; };
		391127E81DE3A8A800C3CB15 /* FemTreKampAppTests.xctest */ = {isa = PBXFileReference; explicitFileType = wrapper.cfbundle; includeInIndex = 0; path = FemTreKampAppTests.xctest; sourceTree = BUILT_PRODUCTS_DIR; };
		391127EC1DE3A8A800C3CB15 /* FemTreKampAppTests.swift */ = {isa = PBXFileReference; lastKnownFileType = sourcecode.swift; path = FemTreKampAppTests.swift; sourceTree = "<group>"; };
		391127EE1DE3A8A800C3CB15 /* Info.plist */ = {isa = PBXFileReference; lastKnownFileType = text.plist.xml; path = Info.plist; sourceTree = "<group>"; };
		391127F31DE3A8A800C3CB15 /* FemTreKampAppUITests.xctest */ = {isa = PBXFileReference; explicitFileType = wrapper.cfbundle; includeInIndex = 0; path = FemTreKampAppUITests.xctest; sourceTree = BUILT_PRODUCTS_DIR; };
		391127F71DE3A8A800C3CB15 /* FemTreKampAppUITests.swift */ = {isa = PBXFileReference; lastKnownFileType = sourcecode.swift; path = FemTreKampAppUITests.swift; sourceTree = "<group>"; };
		391127F91DE3A8A800C3CB15 /* Info.plist */ = {isa = PBXFileReference; lastKnownFileType = text.plist.xml; path = Info.plist; sourceTree = "<group>"; };
/* End PBXFileReference section */

/* Begin PBXFrameworksBuildPhase section */
		391127CC1DE3A8A800C3CB15 /* Frameworks */ = {
			isa = PBXFrameworksBuildPhase;
			buildActionMask = 2147483647;
			files = (
			);
			runOnlyForDeploymentPostprocessing = 0;
		};
		391127E51DE3A8A800C3CB15 /* Frameworks */ = {
			isa = PBXFrameworksBuildPhase;
			buildActionMask = 2147483647;
			files = (
			);
			runOnlyForDeploymentPostprocessing = 0;
		};
		391127F01DE3A8A800C3CB15 /* Frameworks */ = {
			isa = PBXFrameworksBuildPhase;
			buildActionMask = 2147483647;
			files = (
			);
			runOnlyForDeploymentPostprocessing = 0;
		};
/* End PBXFrameworksBuildPhase section */

/* Begin PBXGroup section */
		391127C61DE3A8A800C3CB15 = {
			isa = PBXGroup;
			children = (
				391127D11DE3A8A800C3CB15 /* FemTreKampApp */,
				391127EB1DE3A8A800C3CB15 /* FemTreKampAppTests */,
				391127F61DE3A8A800C3CB15 /* FemTreKampAppUITests */,
				391127D01DE3A8A800C3CB15 /* Products */,
			);
			sourceTree = "<group>";
		};
		391127D01DE3A8A800C3CB15 /* Products */ = {
			isa = PBXGroup;
			children = (
				391127CF1DE3A8A800C3CB15 /* FemTreKampApp.app */,
				391127E81DE3A8A800C3CB15 /* FemTreKampAppTests.xctest */,
				391127F31DE3A8A800C3CB15 /* FemTreKampAppUITests.xctest */,
			);
			name = Products;
			sourceTree = "<group>";
		};
		391127D11DE3A8A800C3CB15 /* FemTreKampApp */ = {
			isa = PBXGroup;
			children = (
				391127D21DE3A8A800C3CB15 /* AppDelegate.swift */,
				391127D71DE3A8A800C3CB15 /* MasterViewController.swift */,
				391127D91DE3A8A800C3CB15 /* DetailViewController.swift */,
				391127DB1DE3A8A800C3CB15 /* Main.storyboard */,
				391127DE1DE3A8A800C3CB15 /* Assets.xcassets */,
				391127E01DE3A8A800C3CB15 /* LaunchScreen.storyboard */,
				391127E31DE3A8A800C3CB15 /* Info.plist */,
				391127D41DE3A8A800C3CB15 /* FemTreKampApp.xcdatamodeld */,
			);
			path = FemTreKampApp;
			sourceTree = "<group>";
		};
		391127EB1DE3A8A800C3CB15 /* FemTreKampAppTests */ = {
			isa = PBXGroup;
			children = (
				391127EC1DE3A8A800C3CB15 /* FemTreKampAppTests.swift */,
				391127EE1DE3A8A800C3CB15 /* Info.plist */,
			);
			path = FemTreKampAppTests;
			sourceTree = "<group>";
		};
		391127F61DE3A8A800C3CB15 /* FemTreKampAppUITests */ = {
			isa = PBXGroup;
			children = (
				391127F71DE3A8A800C3CB15 /* FemTreKampAppUITests.swift */,
				391127F91DE3A8A800C3CB15 /* Info.plist */,
			);
			path = FemTreKampAppUITests;
			sourceTree = "<group>";
		};
/* End PBXGroup section */

/* Begin PBXNativeTarget section */
		391127CE1DE3A8A800C3CB15 /* FemTreKampApp */ = {
			isa = PBXNativeTarget;
			buildConfigurationList = 391127FC1DE3A8A800C3CB15 /* Build configuration list for PBXNativeTarget "FemTreKampApp" */;
			buildPhases = (
				391127CB1DE3A8A800C3CB15 /* Sources */,
				391127CC1DE3A8A800C3CB15 /* Frameworks */,
				391127CD1DE3A8A800C3CB15 /* Resources */,
			);
			buildRules = (
			);
			dependencies = (
			);
			name = FemTreKampApp;
			productName = FemTreKampApp;
			productReference = 391127CF1DE3A8A800C3CB15 /* FemTreKampApp.app */;
			productType = "com.apple.product-type.application";
		};
		391127E71DE3A8A800C3CB15 /* FemTreKampAppTests */ = {
			isa = PBXNativeTarget;
			buildConfigurationList = 391127FF1DE3A8A800C3CB15 /* Build configuration list for PBXNativeTarget "FemTreKampAppTests" */;
			buildPhases = (
				391127E41DE3A8A800C3CB15 /* Sources */,
				391127E51DE3A8A800C3CB15 /* Frameworks */,
				391127E61DE3A8A800C3CB15 /* Resources */,
			);
			buildRules = (
			);
			dependencies = (
				391127EA1DE3A8A800C3CB15 /* PBXTargetDependency */,
			);
			name = FemTreKampAppTests;
			productName = FemTreKampAppTests;
			productReference = 391127E81DE3A8A800C3CB15 /* FemTreKampAppTests.xctest */;
			productType = "com.apple.product-type.bundle.unit-test";
		};
		391127F21DE3A8A800C3CB15 /* FemTreKampAppUITests */ = {
			isa = PBXNativeTarget;
			buildConfigurationList = 391128021DE3A8A800C3CB15 /* Build configuration list for PBXNativeTarget "FemTreKampAppUITests" */;
			buildPhases = (
				391127EF1DE3A8A800C3CB15 /* Sources */,
				391127F01DE3A8A800C3CB15 /* Frameworks */,
				391127F11DE3A8A800C3CB15 /* Resources */,
			);
			buildRules = (
			);
			dependencies = (
				391127F51DE3A8A800C3CB15 /* PBXTargetDependency */,
			);
			name = FemTreKampAppUITests;
			productName = FemTreKampAppUITests;
			productReference = 391127F31DE3A8A800C3CB15 /* FemTreKampAppUITests.xctest */;
			productType = "com.apple.product-type.bundle.ui-testing";
		};
/* End PBXNativeTarget section */

/* Begin PBXProject section */
		391127C71DE3A8A800C3CB15 /* Project object */ = {
			isa = PBXProject;
			attributes = {
				LastSwiftUpdateCheck = 0720;
				LastUpgradeCheck = 0720;
				ORGANIZATIONNAME = "Jani Pasanen";
				TargetAttributes = {
					391127CE1DE3A8A800C3CB15 = {
						CreatedOnToolsVersion = 7.2.1;
					};
					391127E71DE3A8A800C3CB15 = {
						CreatedOnToolsVersion = 7.2.1;
						TestTargetID = 391127CE1DE3A8A800C3CB15;
					};
					391127F21DE3A8A800C3CB15 = {
						CreatedOnToolsVersion = 7.2.1;
						TestTargetID = 391127CE1DE3A8A800C3CB15;
					};
				};
			};
			buildConfigurationList = 391127CA1DE3A8A800C3CB15 /* Build configuration list for PBXProject "FemTreKampApp" */;
			compatibilityVersion = "Xcode 3.2";
			developmentRegion = English;
			hasScannedForEncodings = 0;
			knownRegions = (
				en,
				Base,
			);
			mainGroup = 391127C61DE3A8A800C3CB15;
			productRefGroup = 391127D01DE3A8A800C3CB15 /* Products */;
			projectDirPath = "";
			projectRoot = "";
			targets = (
				391127CE1DE3A8A800C3CB15 /* FemTreKampApp */,
				391127E71DE3A8A800C3CB15 /* FemTreKampAppTests */,
				391127F21DE3A8A800C3CB15 /* FemTreKampAppUITests */,
			);
		};
/* End PBXProject section */

/* Begin PBXResourcesBuildPhase section */
		391127CD1DE3A8A800C3CB15 /* Resources */ = {
			isa = PBXResourcesBuildPhase;
			buildActionMask = 2147483647;
			files = (
				391127E21DE3A8A800C3CB15 /* LaunchScreen.storyboard in Resources */,
				391127DF1DE3A8A800C3CB15 /* Assets.xcassets in Resources */,
				391127DD1DE3A8A800C3CB15 /* Main.storyboard in Resources */,
			);
			runOnlyForDeploymentPostprocessing = 0;
		};
		391127E61DE3A8A800C3CB15 /* Resources */ = {
			isa = PBXResourcesBuildPhase;
			buildActionMask = 2147483647;
			files = (
			);
			runOnlyForDeploymentPostprocessing = 0;
		};
		391127F11DE3A8A800C3CB15 /* Resources */ = {
			isa = PBXResourcesBuildPhase;
			buildActionMask = 2147483647;
			files = (
			);
			runOnlyForDeploymentPostprocessing = 0;
		};
/* End PBXResourcesBuildPhase section */

/* Begin PBXSourcesBuildPhase section */
		391127CB1DE3A8A800C3CB15 /* Sources */ = {
			isa = PBXSourcesBuildPhase;
			buildActionMask = 2147483647;
			files = (
				391127D31DE3A8A800C3CB15 /* AppDelegate.swift in Sources */,
				391127D61DE3A8A800C3CB15 /* FemTreKampApp.xcdatamodeld in Sources */,
				391127D81DE3A8A800C3CB15 /* MasterViewController.swift in Sources */,
				391127DA1DE3A8A800C3CB15 /* DetailViewController.swift in Sources */,
			);
			runOnlyForDeploymentPostprocessing = 0;
		};
		391127E41DE3A8A800C3CB15 /* Sources */ = {
			isa = PBXSourcesBuildPhase;
			buildActionMask = 2147483647;
			files = (
				391127ED1DE3A8A800C3CB15 /* FemTreKampAppTests.swift in Sources */,
			);
			runOnlyForDeploymentPostprocessing = 0;
		};
		391127EF1DE3A8A800C3CB15 /* Sources */ = {
			isa = PBXSourcesBuildPhase;
			buildActionMask = 2147483647;
			files = (
				391127F81DE3A8A800C3CB15 /* FemTreKampAppUITests.swift in Sources */,
			);
			runOnlyForDeploymentPostprocessing = 0;
		};
/* End PBXSourcesBuildPhase section */

/* Begin PBXTargetDependency section */
		391127EA1DE3A8A800C3CB15 /* PBXTargetDependency */ = {
			isa = PBXTargetDependency;
			target = 391127CE1DE3A8A800C3CB15 /* FemTreKampApp */;
			targetProxy = 391127E91DE3A8A800C3CB15 /* PBXContainerItemProxy */;
		};
		391127F51DE3A8A800C3CB15 /* PBXTargetDependency */ = {
			isa = PBXTargetDependency;
			target = 391127CE1DE3A8A800C3CB15 /* FemTreKampApp */;
			targetProxy = 391127F41DE3A8A800C3CB15 /* PBXContainerItemProxy */;
		};
/* End PBXTargetDependency section */

/* Begin PBXVariantGroup section */
		391127DB1DE3A8A800C3CB15 /* Main.storyboard */ = {
			isa = PBXVariantGroup;
			children = (
				391127DC1DE3A8A800C3CB15 /* Base */,
			);
			name = Main.storyboard;
			sourceTree = "<group>";
		};
		391127E01DE3A8A800C3CB15 /* LaunchScreen.storyboard */ = {
			isa = PBXVariantGroup;
			children = (
				391127E11DE3A8A800C3CB15 /* Base */,
			);
			name = LaunchScreen.storyboard;
			sourceTree = "<group>";
		};
/* End PBXVariantGroup section */

/* Begin XCBuildConfiguration section */
		391127FA1DE3A8A800C3CB15 /* Debug */ = {
			isa = XCBuildConfiguration;
			buildSettings = {
				ALWAYS_SEARCH_USER_PATHS = NO;
				CLANG_CXX_LANGUAGE_STANDARD = "gnu++0x";
				CLANG_CXX_LIBRARY = "libc++";
				CLANG_ENABLE_MODULES = YES;
				CLANG_ENABLE_OBJC_ARC = YES;
				CLANG_WARN_BOOL_CONVERSION = YES;
				CLANG_WARN_CONSTANT_CONVERSION = YES;
				CLANG_WARN_DIRECT_OBJC_ISA_USAGE = YES_ERROR;
				CLANG_WARN_EMPTY_BODY = YES;
				CLANG_WARN_ENUM_CONVERSION = YES;
				CLANG_WARN_INT_CONVERSION = YES;
				CLANG_WARN_OBJC_ROOT_CLASS = YES_ERROR;
				CLANG_WARN_UNREACHABLE_CODE = YES;
				CLANG_WARN__DUPLICATE_METHOD_MATCH = YES;
				"CODE_SIGN_IDENTITY[sdk=iphoneos*]" = "iPhone Developer";
				COPY_PHASE_STRIP = NO;
				DEBUG_INFORMATION_FORMAT = dwarf;
				ENABLE_STRICT_OBJC_MSGSEND = YES;
				ENABLE_TESTABILITY = YES;
				GCC_C_LANGUAGE_STANDARD = gnu99;
				GCC_DYNAMIC_NO_PIC = NO;
				GCC_NO_COMMON_BLOCKS = YES;
				GCC_OPTIMIZATION_LEVEL = 0;
				GCC_PREPROCESSOR_DEFINITIONS = (
					"DEBUG=1",
					"$(inherited)",
				);
				GCC_WARN_64_TO_32_BIT_CONVERSION = YES;
				GCC_WARN_ABOUT_RETURN_TYPE = YES_ERROR;
				GCC_WARN_UNDECLARED_SELECTOR = YES;
				GCC_WARN_UNINITIALIZED_AUTOS = YES_AGGRESSIVE;
				GCC_WARN_UNUSED_FUNCTION = YES;
				GCC_WARN_UNUSED_VARIABLE = YES;
				IPHONEOS_DEPLOYMENT_TARGET = 9.2;
				MTL_ENABLE_DEBUG_INFO = YES;
				ONLY_ACTIVE_ARCH = YES;
				SDKROOT = iphoneos;
				SWIFT_OPTIMIZATION_LEVEL = "-Onone";
				TARGETED_DEVICE_FAMILY = "1,2";
			};
			name = Debug;
		};
		391127FB1DE3A8A800C3CB15 /* Release */ = {
			isa = XCBuildConfiguration;
			buildSettings = {
				ALWAYS_SEARCH_USER_PATHS = NO;
				CLANG_CXX_LANGUAGE_STANDARD = "gnu++0x";
				CLANG_CXX_LIBRARY = "libc++";
				CLANG_ENABLE_MODULES = YES;
				CLANG_ENABLE_OBJC_ARC = YES;
				CLANG_WARN_BOOL_CONVERSION = YES;
				CLANG_WARN_CONSTANT_CONVERSION = YES;
				CLANG_WARN_DIRECT_OBJC_ISA_USAGE = YES_ERROR;
				CLANG_WARN_EMPTY_BODY = YES;
				CLANG_WARN_ENUM_CONVERSION = YES;
				CLANG_WARN_INT_CONVERSION = YES;
				CLANG_WARN_OBJC_ROOT_CLASS = YES_ERROR;
				CLANG_WARN_UNREACHABLE_CODE = YES;
				CLANG_WARN__DUPLICATE_METHOD_MATCH = YES;
				"CODE_SIGN_IDENTITY[sdk=iphoneos*]" = "iPhone Developer";
				COPY_PHASE_STRIP = NO;
				DEBUG_INFORMATION_FORMAT = "dwarf-with-dsym";
				ENABLE_NS_ASSERTIONS = NO;
				ENABLE_STRICT_OBJC_MSGSEND = YES;
				GCC_C_LANGUAGE_STANDARD = gnu99;
				GCC_NO_COMMON_BLOCKS = YES;
				GCC_WARN_64_TO_32_BIT_CONVERSION = YES;
				GCC_WARN_ABOUT_RETURN_TYPE = YES_ERROR;
				GCC_WARN_UNDECLARED_SELECTOR = YES;
				GCC_WARN_UNINITIALIZED_AUTOS = YES_AGGRESSIVE;
				GCC_WARN_UNUSED_FUNCTION = YES;
				GCC_WARN_UNUSED_VARIABLE = YES;
				IPHONEOS_DEPLOYMENT_TARGET = 9.2;
				MTL_ENABLE_DEBUG_INFO = NO;
				SDKROOT = iphoneos;
				TARGETED_DEVICE_FAMILY = "1,2";
				VALIDATE_PRODUCT = YES;
			};
			name = Release;
		};
		391127FD1DE3A8A800C3CB15 /* Debug */ = {
			isa = XCBuildConfiguration;
			buildSettings = {
				ASSETCATALOG_COMPILER_APPICON_NAME = AppIcon;
				INFOPLIST_FILE = FemTreKampApp/Info.plist;
				LD_RUNPATH_SEARCH_PATHS = "$(inherited) @executable_path/Frameworks";
				PRODUCT_BUNDLE_IDENTIFIER = se.pasanenjani.FemTreKampApp;
				PRODUCT_NAME = "$(TARGET_NAME)";
			};
			name = Debug;
		};
		391127FE1DE3A8A800C3CB15 /* Release */ = {
			isa = XCBuildConfiguration;
			buildSettings = {
				ASSETCATALOG_COMPILER_APPICON_NAME = AppIcon;
				INFOPLIST_FILE = FemTreKampApp/Info.plist;
				LD_RUNPATH_SEARCH_PATHS = "$(inherited) @executable_path/Frameworks";
				PRODUCT_BUNDLE_IDENTIFIER = se.pasanenjani.FemTreKampApp;
				PRODUCT_NAME = "$(TARGET_NAME)";
			};
			name = Release;
		};
		391128001DE3A8A800C3CB15 /* Debug */ = {
			isa = XCBuildConfiguration;
			buildSettings = {
				BUNDLE_LOADER = "$(TEST_HOST)";
				INFOPLIST_FILE = FemTreKampAppTests/Info.plist;
				LD_RUNPATH_SEARCH_PATHS = "$(inherited) @executable_path/Frameworks @loader_path/Frameworks";
				PRODUCT_BUNDLE_IDENTIFIER = se.pasanenjani.FemTreKampAppTests;
				PRODUCT_NAME = "$(TARGET_NAME)";
				TEST_HOST = "$(BUILT_PRODUCTS_DIR)/FemTreKampApp.app/FemTreKampApp";
			};
			name = Debug;
		};
		391128011DE3A8A800C3CB15 /* Release */ = {
			isa = XCBuildConfiguration;
			buildSettings = {
				BUNDLE_LOADER = "$(TEST_HOST)";
				INFOPLIST_FILE = FemTreKampAppTests/Info.plist;
				LD_RUNPATH_SEARCH_PATHS = "$(inherited) @executable_path/Frameworks @loader_path/Frameworks";
				PRODUCT_BUNDLE_IDENTIFIER = se.pasanenjani.FemTreKampAppTests;
				PRODUCT_NAME = "$(TARGET_NAME)";
				TEST_HOST = "$(BUILT_PRODUCTS_DIR)/FemTreKampApp.app/FemTreKampApp";
			};
			name = Release;
		};
		391128031DE3A8A800C3CB15 /* Debug */ = {
			isa = XCBuildConfiguration;
			buildSettings = {
				INFOPLIST_FILE = FemTreKampAppUITests/Info.plist;
				LD_RUNPATH_SEARCH_PATHS = "$(inherited) @executable_path/Frameworks @loader_path/Frameworks";
				PRODUCT_BUNDLE_IDENTIFIER = se.pasanenjani.FemTreKampAppUITests;
				PRODUCT_NAME = "$(TARGET_NAME)";
				TEST_TARGET_NAME = FemTreKampApp;
				USES_XCTRUNNER = YES;
			};
			name = Debug;
		};
		391128041DE3A8A800C3CB15 /* Release */ = {
			isa = XCBuildConfiguration;
			buildSettings = {
				INFOPLIST_FILE = FemTreKampAppUITests/Info.plist;
				LD_RUNPATH_SEARCH_PATHS = "$(inherited) @executable_path/Frameworks @loader_path/Frameworks";
				PRODUCT_BUNDLE_IDENTIFIER = se.pasanenjani.FemTreKampAppUITests;
				PRODUCT_NAME = "$(TARGET_NAME)";
				TEST_TARGET_NAME = FemTreKampApp;
				USES_XCTRUNNER = YES;
			};
			name = Release;
		};
/* End XCBuildConfiguration section */

/* Begin XCConfigurationList section */
		391127CA1DE3A8A800C3CB15 /* Build configuration list for PBXProject "FemTreKampApp" */ = {
			isa = XCConfigurationList;
			buildConfigurations = (
				391127FA1DE3A8A800C3CB15 /* Debug */,
				391127FB1DE3A8A800C3CB15 /* Release */,
			);
			defaultConfigurationIsVisible = 0;
			defaultConfigurationName = Release;
		};
		391127FC1DE3A8A800C3CB15 /* Build configuration list for PBXNativeTarget "FemTreKampApp" */ = {
			isa = XCConfigurationList;
			buildConfigurations = (
				391127FD1DE3A8A800C3CB15 /* Debug */,
				391127FE1DE3A8A800C3CB15 /* Release */,
			);
			defaultConfigurationIsVisible = 0;
		};
		391127FF1DE3A8A800C3CB15 /* Build configuration list for PBXNativeTarget "FemTreKampAppTests" */ = {
			isa = XCConfigurationList;
			buildConfigurations = (
				391128001DE3A8A800C3CB15 /* Debug */,
				391128011DE3A8A800C3CB15 /* Release */,
			);
			defaultConfigurationIsVisible = 0;
		};
		391128021DE3A8A800C3CB15 /* Build configuration list for PBXNativeTarget "FemTreKampAppUITests" */ = {
			isa = XCConfigurationList;
			buildConfigurations = (
				391128031DE3A8A800C3CB15 /* Debug */,
				391128041DE3A8A800C3CB15 /* Release */,
			);
			defaultConfigurationIsVisible = 0;
		};
/* End XCConfigurationList section */

/* Begin XCVersionGroup section */
		391127D41DE3A8A800C3CB15 /* FemTreKampApp.xcdatamodeld */ = {
			isa = XCVersionGroup;
			children = (
				391127D51DE3A8A800C3CB15 /* FemTreKampApp.xcdatamodel */,
			);
			currentVersion = 391127D51DE3A8A800C3CB15 /* FemTreKampApp.xcdatamodel */;
			path = FemTreKampApp.xcdatamodeld;
			sourceTree = "<group>";
			versionGroupType = wrapper.xcdatamodel;
		};
/* End XCVersionGroup section */
	};
	rootObject = 391127C71DE3A8A800C3CB15 /* Project object */;
}
