// !$*UTF8*$!
{
	archiveVersion = 1;
	classes = {
	};
	objectVersion = 46;
	objects = {

/* Begin PBXBuildFile section */
		394B1CB81DE3F14700E8773E /* AppDelegate.swift in Sources */ = {isa = PBXBuildFile; fileRef = 394B1CB71DE3F14700E8773E /* AppDelegate.swift */; };
		394B1CBA1DE3F14700E8773E /* MainMenuViewController.swift in Sources */ = {isa = PBXBuildFile; fileRef = 394B1CB91DE3F14700E8773E /* MainMenuViewController.swift */; };
		394B1CBD1DE3F14700E8773E /* Main.storyboard in Resources */ = {isa = PBXBuildFile; fileRef = 394B1CBB1DE3F14700E8773E /* Main.storyboard */; };
		394B1CC01DE3F14700E8773E /* FemTreKampApp.xcdatamodeld in Sources */ = {isa = PBXBuildFile; fileRef = 394B1CBE1DE3F14700E8773E /* FemTreKampApp.xcdatamodeld */; };
		394B1CC21DE3F14700E8773E /* Assets.xcassets in Resources */ = {isa = PBXBuildFile; fileRef = 394B1CC11DE3F14700E8773E /* Assets.xcassets */; };
		394B1CC51DE3F14700E8773E /* LaunchScreen.storyboard in Resources */ = {isa = PBXBuildFile; fileRef = 394B1CC31DE3F14700E8773E /* LaunchScreen.storyboard */; };
		394B1CD01DE3F14700E8773E /* FemTreKampAppTests.swift in Sources */ = {isa = PBXBuildFile; fileRef = 394B1CCF1DE3F14700E8773E /* FemTreKampAppTests.swift */; };
		394B1CDB1DE3F14700E8773E /* FemTreKampAppUITests.swift in Sources */ = {isa = PBXBuildFile; fileRef = 394B1CDA1DE3F14700E8773E /* FemTreKampAppUITests.swift */; };
		3959AA4C1DF1FC8100B3B5C1 /* MainMenuView.swift in Sources */ = {isa = PBXBuildFile; fileRef = 3959AA4B1DF1FC8100B3B5C1 /* MainMenuView.swift */; };
		3959AA501DF1FCBD00B3B5C1 /* OpenBookingViewController.swift in Sources */ = {isa = PBXBuildFile; fileRef = 3959AA4F1DF1FCBD00B3B5C1 /* OpenBookingViewController.swift */; };
		3959AA521DF1FCDA00B3B5C1 /* OpenBookingView.swift in Sources */ = {isa = PBXBuildFile; fileRef = 3959AA511DF1FCDA00B3B5C1 /* OpenBookingView.swift */; };
		3959AA551DF1FD2500B3B5C1 /* RegisterBookingCodeView.swift in Sources */ = {isa = PBXBuildFile; fileRef = 3959AA541DF1FD2500B3B5C1 /* RegisterBookingCodeView.swift */; };
		3959AA581DF1FD3E00B3B5C1 /* RegisterBookingCodeViewController.swift in Sources */ = {isa = PBXBuildFile; fileRef = 3959AA571DF1FD3E00B3B5C1 /* RegisterBookingCodeViewController.swift */; };
		3959AA5A1DF1FDE600B3B5C1 /* RegisterBookingCompetitorsViewController.swift in Sources */ = {isa = PBXBuildFile; fileRef = 3959AA591DF1FDE600B3B5C1 /* RegisterBookingCompetitorsViewController.swift */; };
		3959AA5C1DF1FDFC00B3B5C1 /* RegisterBookingCompetitorsView.swift in Sources */ = {isa = PBXBuildFile; fileRef = 3959AA5B1DF1FDFC00B3B5C1 /* RegisterBookingCompetitorsView.swift */; };
		3959AA601DF1FE4200B3B5C1 /* OpenBookingFromListView.swift in Sources */ = {isa = PBXBuildFile; fileRef = 3959AA5F1DF1FE4200B3B5C1 /* OpenBookingFromListView.swift */; };
		3959AA621DF1FE6100B3B5C1 /* OpenBookingFromListViewController.swift in Sources */ = {isa = PBXBuildFile; fileRef = 3959AA611DF1FE6100B3B5C1 /* OpenBookingFromListViewController.swift */; };
		3959AA641DF1FE8400B3B5C1 /* OpenBookingByNumberViewController.swift in Sources */ = {isa = PBXBuildFile; fileRef = 3959AA631DF1FE8400B3B5C1 /* OpenBookingByNumberViewController.swift */; };
		3959AA661DF1FE9B00B3B5C1 /* OpenBookingByNumberView.swift in Sources */ = {isa = PBXBuildFile; fileRef = 3959AA651DF1FE9B00B3B5C1 /* OpenBookingByNumberView.swift */; };
		39947E1D1DE8B13E00D0DA82 /* JSONJoy.framework in Frameworks */ = {isa = PBXBuildFile; fileRef = 39947E101DE8B12600D0DA82 /* JSONJoy.framework */; };
		39947E1E1DE8B13E00D0DA82 /* JSONJoy.framework in Embed Frameworks */ = {isa = PBXBuildFile; fileRef = 39947E101DE8B12600D0DA82 /* JSONJoy.framework */; settings = {ATTRIBUTES = (CodeSignOnCopy, RemoveHeadersOnCopy, ); }; };
		39DDEEA71DEA280600D39398 /* JSONJoySerializationModel.swift in Sources */ = {isa = PBXBuildFile; fileRef = 39DDEEA61DEA280600D39398 /* JSONJoySerializationModel.swift */; };
		39DDEEC01DEA286F00D39398 /* SwiftHTTP.framework in Frameworks */ = {isa = PBXBuildFile; fileRef = 39DDEEB31DEA283900D39398 /* SwiftHTTP.framework */; };
		39DDEEC11DEA286F00D39398 /* SwiftHTTP.framework in Embed Frameworks */ = {isa = PBXBuildFile; fileRef = 39DDEEB31DEA283900D39398 /* SwiftHTTP.framework */; settings = {ATTRIBUTES = (CodeSignOnCopy, RemoveHeadersOnCopy, ); }; };
		39DDEEC51DEA2A7200D39398 /* SwiftHTTPModel.swift in Sources */ = {isa = PBXBuildFile; fileRef = 39DDEEC41DEA2A7200D39398 /* SwiftHTTPModel.swift */; };
/* End PBXBuildFile section */

/* Begin PBXContainerItemProxy section */
		394B1CCC1DE3F14700E8773E /* PBXContainerItemProxy */ = {
			isa = PBXContainerItemProxy;
			containerPortal = 394B1CAC1DE3F14700E8773E /* Project object */;
			proxyType = 1;
			remoteGlobalIDString = 394B1CB31DE3F14700E8773E;
			remoteInfo = FemTreKampApp;
		};
		394B1CD71DE3F14700E8773E /* PBXContainerItemProxy */ = {
			isa = PBXContainerItemProxy;
			containerPortal = 394B1CAC1DE3F14700E8773E /* Project object */;
			proxyType = 1;
			remoteGlobalIDString = 394B1CB31DE3F14700E8773E;
			remoteInfo = FemTreKampApp;
		};
		39947E0F1DE8B12600D0DA82 /* PBXContainerItemProxy */ = {
			isa = PBXContainerItemProxy;
			containerPortal = 39947E051DE8B12600D0DA82 /* JSONJoy.xcodeproj */;
			proxyType = 2;
			remoteGlobalIDString = 6B3E79B719D355CF006071F7;
			remoteInfo = JSONJoy;
		};
		39947E111DE8B12600D0DA82 /* PBXContainerItemProxy */ = {
			isa = PBXContainerItemProxy;
			containerPortal = 39947E051DE8B12600D0DA82 /* JSONJoy.xcodeproj */;
			proxyType = 2;
			remoteGlobalIDString = 6B3E79C219D355CF006071F7;
			remoteInfo = JSONJoyTests;
		};
		39947E131DE8B12600D0DA82 /* PBXContainerItemProxy */ = {
			isa = PBXContainerItemProxy;
			containerPortal = 39947E051DE8B12600D0DA82 /* JSONJoy.xcodeproj */;
			proxyType = 2;
			remoteGlobalIDString = D958022E19E6ED8E003C8218;
			remoteInfo = JSONJoyOSX;
		};
		39947E151DE8B12600D0DA82 /* PBXContainerItemProxy */ = {
			isa = PBXContainerItemProxy;
			containerPortal = 39947E051DE8B12600D0DA82 /* JSONJoy.xcodeproj */;
			proxyType = 2;
			remoteGlobalIDString = D958023819E6ED8E003C8218;
			remoteInfo = JSONJoyOSXTests;
		};
		39947E171DE8B12600D0DA82 /* PBXContainerItemProxy */ = {
			isa = PBXContainerItemProxy;
			containerPortal = 39947E051DE8B12600D0DA82 /* JSONJoy.xcodeproj */;
			proxyType = 2;
			remoteGlobalIDString = 5C135EED1C4734BA00AA3A01;
			remoteInfo = JSONJoytvOS;
		};
		39947E191DE8B12600D0DA82 /* PBXContainerItemProxy */ = {
			isa = PBXContainerItemProxy;
			containerPortal = 39947E051DE8B12600D0DA82 /* JSONJoy.xcodeproj */;
			proxyType = 2;
			remoteGlobalIDString = 5C135EF61C4734BA00AA3A01;
			remoteInfo = JSONJoytvOSTests;
		};
		39947E1B1DE8B12600D0DA82 /* PBXContainerItemProxy */ = {
			isa = PBXContainerItemProxy;
			containerPortal = 39947E051DE8B12600D0DA82 /* JSONJoy.xcodeproj */;
			proxyType = 2;
			remoteGlobalIDString = 5C135FCB1C47392D00AA3A01;
			remoteInfo = JSONJoyWatchOS;
		};
		39947E1F1DE8B13E00D0DA82 /* PBXContainerItemProxy */ = {
			isa = PBXContainerItemProxy;
			containerPortal = 39947E051DE8B12600D0DA82 /* JSONJoy.xcodeproj */;
			proxyType = 1;
			remoteGlobalIDString = 6B3E79B619D355CF006071F7;
			remoteInfo = JSONJoy;
		};
		39DDEEB21DEA283900D39398 /* PBXContainerItemProxy */ = {
			isa = PBXContainerItemProxy;
			containerPortal = 39DDEEA81DEA283800D39398 /* SwiftHTTP.xcodeproj */;
			proxyType = 2;
			remoteGlobalIDString = 6BFD901619C8D8B500DD99B6;
			remoteInfo = SwiftHTTP;
		};
		39DDEEB41DEA283900D39398 /* PBXContainerItemProxy */ = {
			isa = PBXContainerItemProxy;
			containerPortal = 39DDEEA81DEA283800D39398 /* SwiftHTTP.xcodeproj */;
			proxyType = 2;
			remoteGlobalIDString = 6BFD902119C8D8B500DD99B6;
			remoteInfo = SwiftHTTPTests;
		};
		39DDEEB61DEA283900D39398 /* PBXContainerItemProxy */ = {
			isa = PBXContainerItemProxy;
			containerPortal = 39DDEEA81DEA283800D39398 /* SwiftHTTP.xcodeproj */;
			proxyType = 2;
			remoteGlobalIDString = D958025919E6EEEB003C8218;
			remoteInfo = SwiftHTTPOSX;
		};
		39DDEEB81DEA283900D39398 /* PBXContainerItemProxy */ = {
			isa = PBXContainerItemProxy;
			containerPortal = 39DDEEA81DEA283800D39398 /* SwiftHTTP.xcodeproj */;
			proxyType = 2;
			remoteGlobalIDString = D958026319E6EEEB003C8218;
			remoteInfo = SwiftHTTPOSXTests;
		};
		39DDEEBA1DEA283900D39398 /* PBXContainerItemProxy */ = {
			isa = PBXContainerItemProxy;
			containerPortal = 39DDEEA81DEA283800D39398 /* SwiftHTTP.xcodeproj */;
			proxyType = 2;
			remoteGlobalIDString = 5C135EC11C4733CD00AA3A01;
			remoteInfo = SwiftHTTPtvOS;
		};
		39DDEEBC1DEA283900D39398 /* PBXContainerItemProxy */ = {
			isa = PBXContainerItemProxy;
			containerPortal = 39DDEEA81DEA283800D39398 /* SwiftHTTP.xcodeproj */;
			proxyType = 2;
			remoteGlobalIDString = 5C135ECA1C4733CE00AA3A01;
			remoteInfo = SwiftHTTPtvOSTests;
		};
		39DDEEBE1DEA283900D39398 /* PBXContainerItemProxy */ = {
			isa = PBXContainerItemProxy;
			containerPortal = 39DDEEA81DEA283800D39398 /* SwiftHTTP.xcodeproj */;
			proxyType = 2;
			remoteGlobalIDString = 5C135FA91C4737E200AA3A01;
			remoteInfo = SwiftHTTPWatchOS;
		};
		39DDEEC21DEA286F00D39398 /* PBXContainerItemProxy */ = {
			isa = PBXContainerItemProxy;
			containerPortal = 39DDEEA81DEA283800D39398 /* SwiftHTTP.xcodeproj */;
			proxyType = 1;
			remoteGlobalIDString = 6BFD901519C8D8B500DD99B6;
			remoteInfo = SwiftHTTP;
		};
/* End PBXContainerItemProxy section */

/* Begin PBXCopyFilesBuildPhase section */
		39947E211DE8B13F00D0DA82 /* Embed Frameworks */ = {
			isa = PBXCopyFilesBuildPhase;
			buildActionMask = 2147483647;
			dstPath = "";
			dstSubfolderSpec = 10;
			files = (
				39DDEEC11DEA286F00D39398 /* SwiftHTTP.framework in Embed Frameworks */,
				39947E1E1DE8B13E00D0DA82 /* JSONJoy.framework in Embed Frameworks */,
			);
			name = "Embed Frameworks";
			runOnlyForDeploymentPostprocessing = 0;
		};
/* End PBXCopyFilesBuildPhase section */

/* Begin PBXFileReference section */
		394B1CB41DE3F14700E8773E /* FemTreKampApp.app */ = {isa = PBXFileReference; explicitFileType = wrapper.application; includeInIndex = 0; path = FemTreKampApp.app; sourceTree = BUILT_PRODUCTS_DIR; };
		394B1CB71DE3F14700E8773E /* AppDelegate.swift */ = {isa = PBXFileReference; lastKnownFileType = sourcecode.swift; path = AppDelegate.swift; sourceTree = "<group>"; };
		394B1CB91DE3F14700E8773E /* MainMenuViewController.swift */ = {isa = PBXFileReference; lastKnownFileType = sourcecode.swift; path = MainMenuViewController.swift; sourceTree = "<group>"; };
		394B1CBC1DE3F14700E8773E /* Base */ = {isa = PBXFileReference; lastKnownFileType = file.storyboard; name = Base; path = Base.lproj/Main.storyboard; sourceTree = "<group>"; };
		394B1CBF1DE3F14700E8773E /* FemTreKampApp.xcdatamodel */ = {isa = PBXFileReference; lastKnownFileType = wrapper.xcdatamodel; path = FemTreKampApp.xcdatamodel; sourceTree = "<group>"; };
		394B1CC11DE3F14700E8773E /* Assets.xcassets */ = {isa = PBXFileReference; lastKnownFileType = folder.assetcatalog; path = Assets.xcassets; sourceTree = "<group>"; };
		394B1CC41DE3F14700E8773E /* Base */ = {isa = PBXFileReference; lastKnownFileType = file.storyboard; name = Base; path = Base.lproj/LaunchScreen.storyboard; sourceTree = "<group>"; };
		394B1CC61DE3F14700E8773E /* Info.plist */ = {isa = PBXFileReference; lastKnownFileType = text.plist.xml; path = Info.plist; sourceTree = "<group>"; };
		394B1CCB1DE3F14700E8773E /* FemTreKampAppTests.xctest */ = {isa = PBXFileReference; explicitFileType = wrapper.cfbundle; includeInIndex = 0; path = FemTreKampAppTests.xctest; sourceTree = BUILT_PRODUCTS_DIR; };
		394B1CCF1DE3F14700E8773E /* FemTreKampAppTests.swift */ = {isa = PBXFileReference; lastKnownFileType = sourcecode.swift; path = FemTreKampAppTests.swift; sourceTree = "<group>"; };
		394B1CD11DE3F14700E8773E /* Info.plist */ = {isa = PBXFileReference; lastKnownFileType = text.plist.xml; path = Info.plist; sourceTree = "<group>"; };
		394B1CD61DE3F14700E8773E /* FemTreKampAppUITests.xctest */ = {isa = PBXFileReference; explicitFileType = wrapper.cfbundle; includeInIndex = 0; path = FemTreKampAppUITests.xctest; sourceTree = BUILT_PRODUCTS_DIR; };
		394B1CDA1DE3F14700E8773E /* FemTreKampAppUITests.swift */ = {isa = PBXFileReference; lastKnownFileType = sourcecode.swift; path = FemTreKampAppUITests.swift; sourceTree = "<group>"; };
		394B1CDC1DE3F14700E8773E /* Info.plist */ = {isa = PBXFileReference; lastKnownFileType = text.plist.xml; path = Info.plist; sourceTree = "<group>"; };
		3959AA4B1DF1FC8100B3B5C1 /* MainMenuView.swift */ = {isa = PBXFileReference; fileEncoding = 4; lastKnownFileType = sourcecode.swift; path = MainMenuView.swift; sourceTree = "<group>"; };
		3959AA4F1DF1FCBD00B3B5C1 /* OpenBookingViewController.swift */ = {isa = PBXFileReference; fileEncoding = 4; lastKnownFileType = sourcecode.swift; path = OpenBookingViewController.swift; sourceTree = "<group>"; };
		3959AA511DF1FCDA00B3B5C1 /* OpenBookingView.swift */ = {isa = PBXFileReference; fileEncoding = 4; lastKnownFileType = sourcecode.swift; path = OpenBookingView.swift; sourceTree = "<group>"; };
		3959AA541DF1FD2500B3B5C1 /* RegisterBookingCodeView.swift */ = {isa = PBXFileReference; fileEncoding = 4; lastKnownFileType = sourcecode.swift; path = RegisterBookingCodeView.swift; sourceTree = "<group>"; };
		3959AA571DF1FD3E00B3B5C1 /* RegisterBookingCodeViewController.swift */ = {isa = PBXFileReference; fileEncoding = 4; lastKnownFileType = sourcecode.swift; path = RegisterBookingCodeViewController.swift; sourceTree = "<group>"; };
		3959AA591DF1FDE600B3B5C1 /* RegisterBookingCompetitorsViewController.swift */ = {isa = PBXFileReference; fileEncoding = 4; lastKnownFileType = sourcecode.swift; path = RegisterBookingCompetitorsViewController.swift; sourceTree = "<group>"; };
		3959AA5B1DF1FDFC00B3B5C1 /* RegisterBookingCompetitorsView.swift */ = {isa = PBXFileReference; fileEncoding = 4; lastKnownFileType = sourcecode.swift; path = RegisterBookingCompetitorsView.swift; sourceTree = "<group>"; };
		3959AA5F1DF1FE4200B3B5C1 /* OpenBookingFromListView.swift */ = {isa = PBXFileReference; fileEncoding = 4; lastKnownFileType = sourcecode.swift; path = OpenBookingFromListView.swift; sourceTree = "<group>"; };
		3959AA611DF1FE6100B3B5C1 /* OpenBookingFromListViewController.swift */ = {isa = PBXFileReference; fileEncoding = 4; lastKnownFileType = sourcecode.swift; path = OpenBookingFromListViewController.swift; sourceTree = "<group>"; };
		3959AA631DF1FE8400B3B5C1 /* OpenBookingByNumberViewController.swift */ = {isa = PBXFileReference; fileEncoding = 4; lastKnownFileType = sourcecode.swift; path = OpenBookingByNumberViewController.swift; sourceTree = "<group>"; };
		3959AA651DF1FE9B00B3B5C1 /* OpenBookingByNumberView.swift */ = {isa = PBXFileReference; fileEncoding = 4; lastKnownFileType = sourcecode.swift; path = OpenBookingByNumberView.swift; sourceTree = "<group>"; };
		39947E051DE8B12600D0DA82 /* JSONJoy.xcodeproj */ = {isa = PBXFileReference; lastKnownFileType = "wrapper.pb-project"; name = JSONJoy.xcodeproj; path = "JSONJoy-Swift/JSONJoy.xcodeproj"; sourceTree = SOURCE_ROOT; };
		39DDEEA61DEA280600D39398 /* JSONJoySerializationModel.swift */ = {isa = PBXFileReference; fileEncoding = 4; lastKnownFileType = sourcecode.swift; path = JSONJoySerializationModel.swift; sourceTree = "<group>"; };
		39DDEEA81DEA283800D39398 /* SwiftHTTP.xcodeproj */ = {isa = PBXFileReference; lastKnownFileType = "wrapper.pb-project"; name = SwiftHTTP.xcodeproj; path = SwiftHTTP/SwiftHTTP.xcodeproj; sourceTree = SOURCE_ROOT; };
		39DDEEC41DEA2A7200D39398 /* SwiftHTTPModel.swift */ = {isa = PBXFileReference; fileEncoding = 4; lastKnownFileType = sourcecode.swift; path = SwiftHTTPModel.swift; sourceTree = "<group>"; };
/* End PBXFileReference section */

/* Begin PBXFrameworksBuildPhase section */
		394B1CB11DE3F14700E8773E /* Frameworks */ = {
			isa = PBXFrameworksBuildPhase;
			buildActionMask = 2147483647;
			files = (
				39DDEEC01DEA286F00D39398 /* SwiftHTTP.framework in Frameworks */,
				39947E1D1DE8B13E00D0DA82 /* JSONJoy.framework in Frameworks */,
			);
			runOnlyForDeploymentPostprocessing = 0;
		};
		394B1CC81DE3F14700E8773E /* Frameworks */ = {
			isa = PBXFrameworksBuildPhase;
			buildActionMask = 2147483647;
			files = (
			);
			runOnlyForDeploymentPostprocessing = 0;
		};
		394B1CD31DE3F14700E8773E /* Frameworks */ = {
			isa = PBXFrameworksBuildPhase;
			buildActionMask = 2147483647;
			files = (
			);
			runOnlyForDeploymentPostprocessing = 0;
		};
/* End PBXFrameworksBuildPhase section */

/* Begin PBXGroup section */
		394B1CAB1DE3F14700E8773E = {
			isa = PBXGroup;
			children = (
				394B1CB61DE3F14700E8773E /* FemTreKampApp */,
				394B1CCE1DE3F14700E8773E /* FemTreKampAppTests */,
				394B1CD91DE3F14700E8773E /* FemTreKampAppUITests */,
				394B1CB51DE3F14700E8773E /* Products */,
			);
			sourceTree = "<group>";
		};
		394B1CB51DE3F14700E8773E /* Products */ = {
			isa = PBXGroup;
			children = (
				394B1CB41DE3F14700E8773E /* FemTreKampApp.app */,
				394B1CCB1DE3F14700E8773E /* FemTreKampAppTests.xctest */,
				394B1CD61DE3F14700E8773E /* FemTreKampAppUITests.xctest */,
			);
			name = Products;
			sourceTree = "<group>";
		};
		394B1CB61DE3F14700E8773E /* FemTreKampApp */ = {
			isa = PBXGroup;
			children = (
				39DDEEA31DEA277A00D39398 /* Main Models */,
				39DDEEA21DEA275F00D39398 /* MVC */,
				39DDEE951DEA273A00D39398 /* Supporting files */,
				39D975271DE4B6A70072B35B /* Libraries */,
				394B1CBB1DE3F14700E8773E /* Main.storyboard */,
			);
			path = FemTreKampApp;
			sourceTree = "<group>";
		};
		394B1CCE1DE3F14700E8773E /* FemTreKampAppTests */ = {
			isa = PBXGroup;
			children = (
				394B1CCF1DE3F14700E8773E /* FemTreKampAppTests.swift */,
				394B1CD11DE3F14700E8773E /* Info.plist */,
			);
			path = FemTreKampAppTests;
			sourceTree = "<group>";
		};
		394B1CD91DE3F14700E8773E /* FemTreKampAppUITests */ = {
			isa = PBXGroup;
			children = (
				394B1CDA1DE3F14700E8773E /* FemTreKampAppUITests.swift */,
				394B1CDC1DE3F14700E8773E /* Info.plist */,
			);
			path = FemTreKampAppUITests;
			sourceTree = "<group>";
		};
		3959AA4A1DF1FC6300B3B5C1 /* MainMenu */ = {
			isa = PBXGroup;
			children = (
				394B1CB91DE3F14700E8773E /* MainMenuViewController.swift */,
				3959AA4B1DF1FC8100B3B5C1 /* MainMenuView.swift */,
			);
			name = MainMenu;
			sourceTree = "<group>";
		};
		3959AA4D1DF1FC9700B3B5C1 /* OpenBooking */ = {
			isa = PBXGroup;
			children = (
				3959AA5E1DF1FE1900B3B5C1 /* OpenBookingByNumber */,
				3959AA5D1DF1FE0B00B3B5C1 /* OpenBookingFromList */,
				3959AA4F1DF1FCBD00B3B5C1 /* OpenBookingViewController.swift */,
				3959AA511DF1FCDA00B3B5C1 /* OpenBookingView.swift */,
			);
			name = OpenBooking;
			sourceTree = "<group>";
		};
		3959AA4E1DF1FCA400B3B5C1 /* RegisterBookingCode */ = {
			isa = PBXGroup;
			children = (
				3959AA541DF1FD2500B3B5C1 /* RegisterBookingCodeView.swift */,
				3959AA571DF1FD3E00B3B5C1 /* RegisterBookingCodeViewController.swift */,
			);
			name = RegisterBookingCode;
			sourceTree = "<group>";
		};
		3959AA531DF1FCFA00B3B5C1 /* RegisterBookingCompetitiors */ = {
			isa = PBXGroup;
			children = (
				3959AA591DF1FDE600B3B5C1 /* RegisterBookingCompetitorsViewController.swift */,
				3959AA5B1DF1FDFC00B3B5C1 /* RegisterBookingCompetitorsView.swift */,
			);
			name = RegisterBookingCompetitiors;
			sourceTree = "<group>";
		};
		3959AA561DF1FD2900B3B5C1 /* New Group */ = {
			isa = PBXGroup;
			children = (
			);
			name = "New Group";
			sourceTree = "<group>";
		};
		3959AA5D1DF1FE0B00B3B5C1 /* OpenBookingFromList */ = {
			isa = PBXGroup;
			children = (
				3959AA5F1DF1FE4200B3B5C1 /* OpenBookingFromListView.swift */,
				3959AA611DF1FE6100B3B5C1 /* OpenBookingFromListViewController.swift */,
			);
			name = OpenBookingFromList;
			sourceTree = "<group>";
		};
		3959AA5E1DF1FE1900B3B5C1 /* OpenBookingByNumber */ = {
			isa = PBXGroup;
			children = (
				3959AA631DF1FE8400B3B5C1 /* OpenBookingByNumberViewController.swift */,
				3959AA651DF1FE9B00B3B5C1 /* OpenBookingByNumberView.swift */,
			);
			name = OpenBookingByNumber;
			sourceTree = "<group>";
		};
		39947E061DE8B12600D0DA82 /* Products */ = {
			isa = PBXGroup;
			children = (
				39947E101DE8B12600D0DA82 /* JSONJoy.framework */,
				39947E121DE8B12600D0DA82 /* JSONJoyTests.xctest */,
				39947E141DE8B12600D0DA82 /* JSONJoy.framework */,
				39947E161DE8B12600D0DA82 /* JSONJoyOSXTests.xctest */,
				39947E181DE8B12600D0DA82 /* JSONJoy.framework */,
				39947E1A1DE8B12600D0DA82 /* JSONJoytvOSTests.xctest */,
				39947E1C1DE8B12600D0DA82 /* JSONJoy.framework */,
			);
			name = Products;
			sourceTree = "<group>";
		};
		39D975271DE4B6A70072B35B /* Libraries */ = {
			isa = PBXGroup;
			children = (
				39DDEEA81DEA283800D39398 /* SwiftHTTP.xcodeproj */,
				39947E051DE8B12600D0DA82 /* JSONJoy.xcodeproj */,
			);
			name = Libraries;
			sourceTree = "<group>";
		};
		39DDEE951DEA273A00D39398 /* Supporting files */ = {
			isa = PBXGroup;
			children = (
				394B1CB71DE3F14700E8773E /* AppDelegate.swift */,
				394B1CC11DE3F14700E8773E /* Assets.xcassets */,
				394B1CC31DE3F14700E8773E /* LaunchScreen.storyboard */,
				394B1CC61DE3F14700E8773E /* Info.plist */,
				394B1CBE1DE3F14700E8773E /* FemTreKampApp.xcdatamodeld */,
			);
			name = "Supporting files";
			sourceTree = "<group>";
		};
		39DDEEA21DEA275F00D39398 /* MVC */ = {
			isa = PBXGroup;
			children = (
				3959AA4A1DF1FC6300B3B5C1 /* MainMenu */,
				3959AA4D1DF1FC9700B3B5C1 /* OpenBooking */,
				3959AA531DF1FCFA00B3B5C1 /* RegisterBookingCompetitiors */,
				3959AA4E1DF1FCA400B3B5C1 /* RegisterBookingCode */,
				3959AA561DF1FD2900B3B5C1 /* New Group */,
			);
			name = MVC;
			sourceTree = "<group>";
		};
		39DDEEA31DEA277A00D39398 /* Main Models */ = {
			isa = PBXGroup;
			children = (
				39DDEEA61DEA280600D39398 /* JSONJoySerializationModel.swift */,
				39DDEEC41DEA2A7200D39398 /* SwiftHTTPModel.swift */,
			);
			name = "Main Models";
			sourceTree = "<group>";
		};
		39DDEEA91DEA283800D39398 /* Products */ = {
			isa = PBXGroup;
			children = (
				39DDEEB31DEA283900D39398 /* SwiftHTTP.framework */,
				39DDEEB51DEA283900D39398 /* SwiftHTTPTests.xctest */,
				39DDEEB71DEA283900D39398 /* SwiftHTTP.framework */,
				39DDEEB91DEA283900D39398 /* SwiftHTTPOSXTests.xctest */,
				39DDEEBB1DEA283900D39398 /* SwiftHTTP.framework */,
				39DDEEBD1DEA283900D39398 /* SwiftHTTPtvOSTests.xctest */,
				39DDEEBF1DEA283900D39398 /* SwiftHTTP.framework */,
			);
			name = Products;
			sourceTree = "<group>";
		};
/* End PBXGroup section */

/* Begin PBXNativeTarget section */
		394B1CB31DE3F14700E8773E /* FemTreKampApp */ = {
			isa = PBXNativeTarget;
			buildConfigurationList = 394B1CDF1DE3F14700E8773E /* Build configuration list for PBXNativeTarget "FemTreKampApp" */;
			buildPhases = (
				394B1CB11DE3F14700E8773E /* Frameworks */,
				394B1CB21DE3F14700E8773E /* Resources */,
				394B1CB01DE3F14700E8773E /* Sources */,
				39947E211DE8B13F00D0DA82 /* Embed Frameworks */,
			);
			buildRules = (
			);
			dependencies = (
				39947E201DE8B13E00D0DA82 /* PBXTargetDependency */,
				39DDEEC31DEA286F00D39398 /* PBXTargetDependency */,
			);
			name = FemTreKampApp;
			productName = FemTreKampApp;
			productReference = 394B1CB41DE3F14700E8773E /* FemTreKampApp.app */;
			productType = "com.apple.product-type.application";
		};
		394B1CCA1DE3F14700E8773E /* FemTreKampAppTests */ = {
			isa = PBXNativeTarget;
			buildConfigurationList = 394B1CE21DE3F14700E8773E /* Build configuration list for PBXNativeTarget "FemTreKampAppTests" */;
			buildPhases = (
				394B1CC71DE3F14700E8773E /* Sources */,
				394B1CC81DE3F14700E8773E /* Frameworks */,
				394B1CC91DE3F14700E8773E /* Resources */,
			);
			buildRules = (
			);
			dependencies = (
				394B1CCD1DE3F14700E8773E /* PBXTargetDependency */,
			);
			name = FemTreKampAppTests;
			productName = FemTreKampAppTests;
			productReference = 394B1CCB1DE3F14700E8773E /* FemTreKampAppTests.xctest */;
			productType = "com.apple.product-type.bundle.unit-test";
		};
		394B1CD51DE3F14700E8773E /* FemTreKampAppUITests */ = {
			isa = PBXNativeTarget;
			buildConfigurationList = 394B1CE51DE3F14700E8773E /* Build configuration list for PBXNativeTarget "FemTreKampAppUITests" */;
			buildPhases = (
				394B1CD21DE3F14700E8773E /* Sources */,
				394B1CD31DE3F14700E8773E /* Frameworks */,
				394B1CD41DE3F14700E8773E /* Resources */,
			);
			buildRules = (
			);
			dependencies = (
				394B1CD81DE3F14700E8773E /* PBXTargetDependency */,
			);
			name = FemTreKampAppUITests;
			productName = FemTreKampAppUITests;
			productReference = 394B1CD61DE3F14700E8773E /* FemTreKampAppUITests.xctest */;
			productType = "com.apple.product-type.bundle.ui-testing";
		};
/* End PBXNativeTarget section */

/* Begin PBXProject section */
		394B1CAC1DE3F14700E8773E /* Project object */ = {
			isa = PBXProject;
			attributes = {
				LastSwiftUpdateCheck = 0720;
				LastUpgradeCheck = 0810;
				ORGANIZATIONNAME = "Jani Pasanen";
				TargetAttributes = {
					394B1CB31DE3F14700E8773E = {
						CreatedOnToolsVersion = 7.2.1;
						DevelopmentTeam = GZP9KMPBH2;
						LastSwiftMigration = 0810;
					};
					394B1CCA1DE3F14700E8773E = {
						CreatedOnToolsVersion = 7.2.1;
						LastSwiftMigration = 0810;
						TestTargetID = 394B1CB31DE3F14700E8773E;
					};
					394B1CD51DE3F14700E8773E = {
						CreatedOnToolsVersion = 7.2.1;
						LastSwiftMigration = 0810;
						TestTargetID = 394B1CB31DE3F14700E8773E;
					};
				};
			};
			buildConfigurationList = 394B1CAF1DE3F14700E8773E /* Build configuration list for PBXProject "FemTreKampApp" */;
			compatibilityVersion = "Xcode 3.2";
			developmentRegion = English;
			hasScannedForEncodings = 0;
			knownRegions = (
				en,
				Base,
			);
			mainGroup = 394B1CAB1DE3F14700E8773E;
			productRefGroup = 394B1CB51DE3F14700E8773E /* Products */;
			projectDirPath = "";
			projectReferences = (
				{
					ProductGroup = 39947E061DE8B12600D0DA82 /* Products */;
					ProjectRef = 39947E051DE8B12600D0DA82 /* JSONJoy.xcodeproj */;
				},
				{
					ProductGroup = 39DDEEA91DEA283800D39398 /* Products */;
					ProjectRef = 39DDEEA81DEA283800D39398 /* SwiftHTTP.xcodeproj */;
				},
			);
			projectRoot = "";
			targets = (
				394B1CB31DE3F14700E8773E /* FemTreKampApp */,
				394B1CCA1DE3F14700E8773E /* FemTreKampAppTests */,
				394B1CD51DE3F14700E8773E /* FemTreKampAppUITests */,
			);
		};
/* End PBXProject section */

/* Begin PBXReferenceProxy section */
		39947E101DE8B12600D0DA82 /* JSONJoy.framework */ = {
			isa = PBXReferenceProxy;
			fileType = wrapper.framework;
			path = JSONJoy.framework;
			remoteRef = 39947E0F1DE8B12600D0DA82 /* PBXContainerItemProxy */;
			sourceTree = BUILT_PRODUCTS_DIR;
		};
		39947E121DE8B12600D0DA82 /* JSONJoyTests.xctest */ = {
			isa = PBXReferenceProxy;
			fileType = wrapper.cfbundle;
			path = JSONJoyTests.xctest;
			remoteRef = 39947E111DE8B12600D0DA82 /* PBXContainerItemProxy */;
			sourceTree = BUILT_PRODUCTS_DIR;
		};
		39947E141DE8B12600D0DA82 /* JSONJoy.framework */ = {
			isa = PBXReferenceProxy;
			fileType = wrapper.framework;
			path = JSONJoy.framework;
			remoteRef = 39947E131DE8B12600D0DA82 /* PBXContainerItemProxy */;
			sourceTree = BUILT_PRODUCTS_DIR;
		};
		39947E161DE8B12600D0DA82 /* JSONJoyOSXTests.xctest */ = {
			isa = PBXReferenceProxy;
			fileType = wrapper.cfbundle;
			path = JSONJoyOSXTests.xctest;
			remoteRef = 39947E151DE8B12600D0DA82 /* PBXContainerItemProxy */;
			sourceTree = BUILT_PRODUCTS_DIR;
		};
		39947E181DE8B12600D0DA82 /* JSONJoy.framework */ = {
			isa = PBXReferenceProxy;
			fileType = wrapper.framework;
			path = JSONJoy.framework;
			remoteRef = 39947E171DE8B12600D0DA82 /* PBXContainerItemProxy */;
			sourceTree = BUILT_PRODUCTS_DIR;
		};
		39947E1A1DE8B12600D0DA82 /* JSONJoytvOSTests.xctest */ = {
			isa = PBXReferenceProxy;
			fileType = wrapper.cfbundle;
			path = JSONJoytvOSTests.xctest;
			remoteRef = 39947E191DE8B12600D0DA82 /* PBXContainerItemProxy */;
			sourceTree = BUILT_PRODUCTS_DIR;
		};
		39947E1C1DE8B12600D0DA82 /* JSONJoy.framework */ = {
			isa = PBXReferenceProxy;
			fileType = wrapper.framework;
			path = JSONJoy.framework;
			remoteRef = 39947E1B1DE8B12600D0DA82 /* PBXContainerItemProxy */;
			sourceTree = BUILT_PRODUCTS_DIR;
		};
		39DDEEB31DEA283900D39398 /* SwiftHTTP.framework */ = {
			isa = PBXReferenceProxy;
			fileType = wrapper.framework;
			path = SwiftHTTP.framework;
			remoteRef = 39DDEEB21DEA283900D39398 /* PBXContainerItemProxy */;
			sourceTree = BUILT_PRODUCTS_DIR;
		};
		39DDEEB51DEA283900D39398 /* SwiftHTTPTests.xctest */ = {
			isa = PBXReferenceProxy;
			fileType = wrapper.cfbundle;
			path = SwiftHTTPTests.xctest;
			remoteRef = 39DDEEB41DEA283900D39398 /* PBXContainerItemProxy */;
			sourceTree = BUILT_PRODUCTS_DIR;
		};
		39DDEEB71DEA283900D39398 /* SwiftHTTP.framework */ = {
			isa = PBXReferenceProxy;
			fileType = wrapper.framework;
			path = SwiftHTTP.framework;
			remoteRef = 39DDEEB61DEA283900D39398 /* PBXContainerItemProxy */;
			sourceTree = BUILT_PRODUCTS_DIR;
		};
		39DDEEB91DEA283900D39398 /* SwiftHTTPOSXTests.xctest */ = {
			isa = PBXReferenceProxy;
			fileType = wrapper.cfbundle;
			path = SwiftHTTPOSXTests.xctest;
			remoteRef = 39DDEEB81DEA283900D39398 /* PBXContainerItemProxy */;
			sourceTree = BUILT_PRODUCTS_DIR;
		};
		39DDEEBB1DEA283900D39398 /* SwiftHTTP.framework */ = {
			isa = PBXReferenceProxy;
			fileType = wrapper.framework;
			path = SwiftHTTP.framework;
			remoteRef = 39DDEEBA1DEA283900D39398 /* PBXContainerItemProxy */;
			sourceTree = BUILT_PRODUCTS_DIR;
		};
		39DDEEBD1DEA283900D39398 /* SwiftHTTPtvOSTests.xctest */ = {
			isa = PBXReferenceProxy;
			fileType = wrapper.cfbundle;
			path = SwiftHTTPtvOSTests.xctest;
			remoteRef = 39DDEEBC1DEA283900D39398 /* PBXContainerItemProxy */;
			sourceTree = BUILT_PRODUCTS_DIR;
		};
		39DDEEBF1DEA283900D39398 /* SwiftHTTP.framework */ = {
			isa = PBXReferenceProxy;
			fileType = wrapper.framework;
			path = SwiftHTTP.framework;
			remoteRef = 39DDEEBE1DEA283900D39398 /* PBXContainerItemProxy */;
			sourceTree = BUILT_PRODUCTS_DIR;
		};
/* End PBXReferenceProxy section */

/* Begin PBXResourcesBuildPhase section */
		394B1CB21DE3F14700E8773E /* Resources */ = {
			isa = PBXResourcesBuildPhase;
			buildActionMask = 2147483647;
			files = (
				394B1CC51DE3F14700E8773E /* LaunchScreen.storyboard in Resources */,
				394B1CC21DE3F14700E8773E /* Assets.xcassets in Resources */,
				394B1CBD1DE3F14700E8773E /* Main.storyboard in Resources */,
			);
			runOnlyForDeploymentPostprocessing = 0;
		};
		394B1CC91DE3F14700E8773E /* Resources */ = {
			isa = PBXResourcesBuildPhase;
			buildActionMask = 2147483647;
			files = (
			);
			runOnlyForDeploymentPostprocessing = 0;
		};
		394B1CD41DE3F14700E8773E /* Resources */ = {
			isa = PBXResourcesBuildPhase;
			buildActionMask = 2147483647;
			files = (
			);
			runOnlyForDeploymentPostprocessing = 0;
		};
/* End PBXResourcesBuildPhase section */

/* Begin PBXSourcesBuildPhase section */
		394B1CB01DE3F14700E8773E /* Sources */ = {
			isa = PBXSourcesBuildPhase;
			buildActionMask = 2147483647;
			files = (
				3959AA581DF1FD3E00B3B5C1 /* RegisterBookingCodeViewController.swift in Sources */,
				3959AA5C1DF1FDFC00B3B5C1 /* RegisterBookingCompetitorsView.swift in Sources */,
				3959AA661DF1FE9B00B3B5C1 /* OpenBookingByNumberView.swift in Sources */,
				3959AA4C1DF1FC8100B3B5C1 /* MainMenuView.swift in Sources */,
				3959AA501DF1FCBD00B3B5C1 /* OpenBookingViewController.swift in Sources */,
				394B1CC01DE3F14700E8773E /* FemTreKampApp.xcdatamodeld in Sources */,
				3959AA641DF1FE8400B3B5C1 /* OpenBookingByNumberViewController.swift in Sources */,
				39DDEEC51DEA2A7200D39398 /* SwiftHTTPModel.swift in Sources */,
				394B1CBA1DE3F14700E8773E /* MainMenuViewController.swift in Sources */,
				3959AA601DF1FE4200B3B5C1 /* OpenBookingFromListView.swift in Sources */,
				3959AA621DF1FE6100B3B5C1 /* OpenBookingFromListViewController.swift in Sources */,
				3959AA551DF1FD2500B3B5C1 /* RegisterBookingCodeView.swift in Sources */,
				394B1CB81DE3F14700E8773E /* AppDelegate.swift in Sources */,
				3959AA521DF1FCDA00B3B5C1 /* OpenBookingView.swift in Sources */,
				39DDEEA71DEA280600D39398 /* JSONJoySerializationModel.swift in Sources */,
				3959AA5A1DF1FDE600B3B5C1 /* RegisterBookingCompetitorsViewController.swift in Sources */,
			);
			runOnlyForDeploymentPostprocessing = 0;
		};
		394B1CC71DE3F14700E8773E /* Sources */ = {
			isa = PBXSourcesBuildPhase;
			buildActionMask = 2147483647;
			files = (
				394B1CD01DE3F14700E8773E /* FemTreKampAppTests.swift in Sources */,
			);
			runOnlyForDeploymentPostprocessing = 0;
		};
		394B1CD21DE3F14700E8773E /* Sources */ = {
			isa = PBXSourcesBuildPhase;
			buildActionMask = 2147483647;
			files = (
				394B1CDB1DE3F14700E8773E /* FemTreKampAppUITests.swift in Sources */,
			);
			runOnlyForDeploymentPostprocessing = 0;
		};
/* End PBXSourcesBuildPhase section */

/* Begin PBXTargetDependency section */
		394B1CCD1DE3F14700E8773E /* PBXTargetDependency */ = {
			isa = PBXTargetDependency;
			target = 394B1CB31DE3F14700E8773E /* FemTreKampApp */;
			targetProxy = 394B1CCC1DE3F14700E8773E /* PBXContainerItemProxy */;
		};
		394B1CD81DE3F14700E8773E /* PBXTargetDependency */ = {
			isa = PBXTargetDependency;
			target = 394B1CB31DE3F14700E8773E /* FemTreKampApp */;
			targetProxy = 394B1CD71DE3F14700E8773E /* PBXContainerItemProxy */;
		};
		39947E201DE8B13E00D0DA82 /* PBXTargetDependency */ = {
			isa = PBXTargetDependency;
			name = JSONJoy;
			targetProxy = 39947E1F1DE8B13E00D0DA82 /* PBXContainerItemProxy */;
		};
		39DDEEC31DEA286F00D39398 /* PBXTargetDependency */ = {
			isa = PBXTargetDependency;
			name = SwiftHTTP;
			targetProxy = 39DDEEC21DEA286F00D39398 /* PBXContainerItemProxy */;
		};
/* End PBXTargetDependency section */

/* Begin PBXVariantGroup section */
		394B1CBB1DE3F14700E8773E /* Main.storyboard */ = {
			isa = PBXVariantGroup;
			children = (
				394B1CBC1DE3F14700E8773E /* Base */,
			);
			name = Main.storyboard;
			sourceTree = "<group>";
		};
		394B1CC31DE3F14700E8773E /* LaunchScreen.storyboard */ = {
			isa = PBXVariantGroup;
			children = (
				394B1CC41DE3F14700E8773E /* Base */,
			);
			name = LaunchScreen.storyboard;
			sourceTree = "<group>";
		};
/* End PBXVariantGroup section */

/* Begin XCBuildConfiguration section */
		394B1CDD1DE3F14700E8773E /* Debug */ = {
			isa = XCBuildConfiguration;
			buildSettings = {
				ALWAYS_SEARCH_USER_PATHS = NO;
				CLANG_CXX_LANGUAGE_STANDARD = "gnu++0x";
				CLANG_CXX_LIBRARY = "libc++";
				CLANG_ENABLE_MODULES = YES;
				CLANG_ENABLE_OBJC_ARC = YES;
				CLANG_WARN_BOOL_CONVERSION = YES;
				CLANG_WARN_CONSTANT_CONVERSION = YES;
				CLANG_WARN_DIRECT_OBJC_ISA_USAGE = YES_ERROR;
				CLANG_WARN_EMPTY_BODY = YES;
				CLANG_WARN_ENUM_CONVERSION = YES;
				CLANG_WARN_INFINITE_RECURSION = YES;
				CLANG_WARN_INT_CONVERSION = YES;
				CLANG_WARN_OBJC_ROOT_CLASS = YES_ERROR;
				CLANG_WARN_SUSPICIOUS_MOVE = YES;
				CLANG_WARN_UNREACHABLE_CODE = YES;
				CLANG_WARN__DUPLICATE_METHOD_MATCH = YES;
				"CODE_SIGN_IDENTITY[sdk=iphoneos*]" = "iPhone Developer";
				COPY_PHASE_STRIP = NO;
				DEBUG_INFORMATION_FORMAT = dwarf;
				ENABLE_STRICT_OBJC_MSGSEND = YES;
				ENABLE_TESTABILITY = YES;
				GCC_C_LANGUAGE_STANDARD = gnu99;
				GCC_DYNAMIC_NO_PIC = NO;
				GCC_NO_COMMON_BLOCKS = YES;
				GCC_OPTIMIZATION_LEVEL = 0;
				GCC_PREPROCESSOR_DEFINITIONS = (
					"DEBUG=1",
					"$(inherited)",
				);
				GCC_WARN_64_TO_32_BIT_CONVERSION = YES;
				GCC_WARN_ABOUT_RETURN_TYPE = YES_ERROR;
				GCC_WARN_UNDECLARED_SELECTOR = YES;
				GCC_WARN_UNINITIALIZED_AUTOS = YES_AGGRESSIVE;
				GCC_WARN_UNUSED_FUNCTION = YES;
				GCC_WARN_UNUSED_VARIABLE = YES;
				IPHONEOS_DEPLOYMENT_TARGET = 9.1;
				MTL_ENABLE_DEBUG_INFO = YES;
				ONLY_ACTIVE_ARCH = YES;
				SDKROOT = iphoneos;
				SWIFT_OPTIMIZATION_LEVEL = "-Onone";
				TARGETED_DEVICE_FAMILY = "1,2";
			};
			name = Debug;
		};
		394B1CDE1DE3F14700E8773E /* Release */ = {
			isa = XCBuildConfiguration;
			buildSettings = {
				ALWAYS_SEARCH_USER_PATHS = NO;
				CLANG_CXX_LANGUAGE_STANDARD = "gnu++0x";
				CLANG_CXX_LIBRARY = "libc++";
				CLANG_ENABLE_MODULES = YES;
				CLANG_ENABLE_OBJC_ARC = YES;
				CLANG_WARN_BOOL_CONVERSION = YES;
				CLANG_WARN_CONSTANT_CONVERSION = YES;
				CLANG_WARN_DIRECT_OBJC_ISA_USAGE = YES_ERROR;
				CLANG_WARN_EMPTY_BODY = YES;
				CLANG_WARN_ENUM_CONVERSION = YES;
				CLANG_WARN_INFINITE_RECURSION = YES;
				CLANG_WARN_INT_CONVERSION = YES;
				CLANG_WARN_OBJC_ROOT_CLASS = YES_ERROR;
				CLANG_WARN_SUSPICIOUS_MOVE = YES;
				CLANG_WARN_UNREACHABLE_CODE = YES;
				CLANG_WARN__DUPLICATE_METHOD_MATCH = YES;
				"CODE_SIGN_IDENTITY[sdk=iphoneos*]" = "iPhone Developer";
				COPY_PHASE_STRIP = NO;
				DEBUG_INFORMATION_FORMAT = "dwarf-with-dsym";
				ENABLE_NS_ASSERTIONS = NO;
				ENABLE_STRICT_OBJC_MSGSEND = YES;
				GCC_C_LANGUAGE_STANDARD = gnu99;
				GCC_NO_COMMON_BLOCKS = YES;
				GCC_WARN_64_TO_32_BIT_CONVERSION = YES;
				GCC_WARN_ABOUT_RETURN_TYPE = YES_ERROR;
				GCC_WARN_UNDECLARED_SELECTOR = YES;
				GCC_WARN_UNINITIALIZED_AUTOS = YES_AGGRESSIVE;
				GCC_WARN_UNUSED_FUNCTION = YES;
				GCC_WARN_UNUSED_VARIABLE = YES;
				IPHONEOS_DEPLOYMENT_TARGET = 9.1;
				MTL_ENABLE_DEBUG_INFO = NO;
				SDKROOT = iphoneos;
				SWIFT_OPTIMIZATION_LEVEL = "-Owholemodule";
				TARGETED_DEVICE_FAMILY = "1,2";
				VALIDATE_PRODUCT = YES;
			};
			name = Release;
		};
		394B1CE01DE3F14700E8773E /* Debug */ = {
			isa = XCBuildConfiguration;
			buildSettings = {
				ALWAYS_EMBED_SWIFT_STANDARD_LIBRARIES = YES;
				ASSETCATALOG_COMPILER_APPICON_NAME = AppIcon;
				DEVELOPMENT_TEAM = GZP9KMPBH2;
				INFOPLIST_FILE = FemTreKampApp/Info.plist;
				IPHONEOS_DEPLOYMENT_TARGET = 9.1;
				LD_RUNPATH_SEARCH_PATHS = "$(inherited) @executable_path/Frameworks";
				PRODUCT_BUNDLE_IDENTIFIER = se.pasanenjani.FemTreKampApp;
				PRODUCT_NAME = "$(TARGET_NAME)";
				SWIFT_VERSION = 3.0;
			};
			name = Debug;
		};
		394B1CE11DE3F14700E8773E /* Release */ = {
			isa = XCBuildConfiguration;
			buildSettings = {
				ALWAYS_EMBED_SWIFT_STANDARD_LIBRARIES = YES;
				ASSETCATALOG_COMPILER_APPICON_NAME = AppIcon;
				DEVELOPMENT_TEAM = GZP9KMPBH2;
				INFOPLIST_FILE = FemTreKampApp/Info.plist;
				IPHONEOS_DEPLOYMENT_TARGET = 9.1;
				LD_RUNPATH_SEARCH_PATHS = "$(inherited) @executable_path/Frameworks";
				PRODUCT_BUNDLE_IDENTIFIER = se.pasanenjani.FemTreKampApp;
				PRODUCT_NAME = "$(TARGET_NAME)";
				SWIFT_VERSION = 3.0;
			};
			name = Release;
		};
		394B1CE31DE3F14700E8773E /* Debug */ = {
			isa = XCBuildConfiguration;
			buildSettings = {
				BUNDLE_LOADER = "$(TEST_HOST)";
				INFOPLIST_FILE = FemTreKampAppTests/Info.plist;
				LD_RUNPATH_SEARCH_PATHS = "$(inherited) @executable_path/Frameworks @loader_path/Frameworks";
				PRODUCT_BUNDLE_IDENTIFIER = se.pasanenjani.FemTreKampAppTests;
				PRODUCT_NAME = "$(TARGET_NAME)";
				SWIFT_VERSION = 3.0;
				TEST_HOST = "$(BUILT_PRODUCTS_DIR)/FemTreKampApp.app/FemTreKampApp";
			};
			name = Debug;
		};
		394B1CE41DE3F14700E8773E /* Release */ = {
			isa = XCBuildConfiguration;
			buildSettings = {
				BUNDLE_LOADER = "$(TEST_HOST)";
				INFOPLIST_FILE = FemTreKampAppTests/Info.plist;
				LD_RUNPATH_SEARCH_PATHS = "$(inherited) @executable_path/Frameworks @loader_path/Frameworks";
				PRODUCT_BUNDLE_IDENTIFIER = se.pasanenjani.FemTreKampAppTests;
				PRODUCT_NAME = "$(TARGET_NAME)";
				SWIFT_VERSION = 3.0;
				TEST_HOST = "$(BUILT_PRODUCTS_DIR)/FemTreKampApp.app/FemTreKampApp";
			};
			name = Release;
		};
		394B1CE61DE3F14700E8773E /* Debug */ = {
			isa = XCBuildConfiguration;
			buildSettings = {
				INFOPLIST_FILE = FemTreKampAppUITests/Info.plist;
				LD_RUNPATH_SEARCH_PATHS = "$(inherited) @executable_path/Frameworks @loader_path/Frameworks";
				PRODUCT_BUNDLE_IDENTIFIER = se.pasanenjani.FemTreKampAppUITests;
				PRODUCT_NAME = "$(TARGET_NAME)";
				SWIFT_VERSION = 3.0;
				TEST_TARGET_NAME = FemTreKampApp;
				USES_XCTRUNNER = YES;
			};
			name = Debug;
		};
		394B1CE71DE3F14700E8773E /* Release */ = {
			isa = XCBuildConfiguration;
			buildSettings = {
				INFOPLIST_FILE = FemTreKampAppUITests/Info.plist;
				LD_RUNPATH_SEARCH_PATHS = "$(inherited) @executable_path/Frameworks @loader_path/Frameworks";
				PRODUCT_BUNDLE_IDENTIFIER = se.pasanenjani.FemTreKampAppUITests;
				PRODUCT_NAME = "$(TARGET_NAME)";
				SWIFT_VERSION = 3.0;
				TEST_TARGET_NAME = FemTreKampApp;
				USES_XCTRUNNER = YES;
			};
			name = Release;
		};
/* End XCBuildConfiguration section */

/* Begin XCConfigurationList section */
		394B1CAF1DE3F14700E8773E /* Build configuration list for PBXProject "FemTreKampApp" */ = {
			isa = XCConfigurationList;
			buildConfigurations = (
				394B1CDD1DE3F14700E8773E /* Debug */,
				394B1CDE1DE3F14700E8773E /* Release */,
			);
			defaultConfigurationIsVisible = 0;
			defaultConfigurationName = Release;
		};
		394B1CDF1DE3F14700E8773E /* Build configuration list for PBXNativeTarget "FemTreKampApp" */ = {
			isa = XCConfigurationList;
			buildConfigurations = (
				394B1CE01DE3F14700E8773E /* Debug */,
				394B1CE11DE3F14700E8773E /* Release */,
			);
			defaultConfigurationIsVisible = 0;
			defaultConfigurationName = Release;
		};
		394B1CE21DE3F14700E8773E /* Build configuration list for PBXNativeTarget "FemTreKampAppTests" */ = {
			isa = XCConfigurationList;
			buildConfigurations = (
				394B1CE31DE3F14700E8773E /* Debug */,
				394B1CE41DE3F14700E8773E /* Release */,
			);
			defaultConfigurationIsVisible = 0;
			defaultConfigurationName = Release;
		};
		394B1CE51DE3F14700E8773E /* Build configuration list for PBXNativeTarget "FemTreKampAppUITests" */ = {
			isa = XCConfigurationList;
			buildConfigurations = (
				394B1CE61DE3F14700E8773E /* Debug */,
				394B1CE71DE3F14700E8773E /* Release */,
			);
			defaultConfigurationIsVisible = 0;
			defaultConfigurationName = Release;
		};
/* End XCConfigurationList section */

/* Begin XCVersionGroup section */
		394B1CBE1DE3F14700E8773E /* FemTreKampApp.xcdatamodeld */ = {
			isa = XCVersionGroup;
			children = (
				394B1CBF1DE3F14700E8773E /* FemTreKampApp.xcdatamodel */,
			);
			currentVersion = 394B1CBF1DE3F14700E8773E /* FemTreKampApp.xcdatamodel */;
			path = FemTreKampApp.xcdatamodeld;
			sourceTree = "<group>";
			versionGroupType = wrapper.xcdatamodel;
		};
/* End XCVersionGroup section */
	};
	rootObject = 394B1CAC1DE3F14700E8773E /* Project object */;
}
