// !$*UTF8*$!
{
	archiveVersion = 1;
	classes = {
	};
	objectVersion = 46;
	objects = {

/* Begin PBXBuildFile section */
		39FA81CC1D3AF131007A656A /* AppDelegate.swift in Sources */ = {isa = PBXBuildFile; fileRef = 39FA81CB1D3AF131007A656A /* AppDelegate.swift */; };
		39FA81CE1D3AF131007A656A /* ViewController.swift in Sources */ = {isa = PBXBuildFile; fileRef = 39FA81CD1D3AF131007A656A /* ViewController.swift */; };
		39FA81D11D3AF131007A656A /* Main.storyboard in Resources */ = {isa = PBXBuildFile; fileRef = 39FA81CF1D3AF131007A656A /* Main.storyboard */; };
		39FA81D41D3AF131007A656A /* ResultatApp.xcdatamodeld in Sources */ = {isa = PBXBuildFile; fileRef = 39FA81D21D3AF131007A656A /* ResultatApp.xcdatamodeld */; };
		39FA81D61D3AF131007A656A /* Assets.xcassets in Resources */ = {isa = PBXBuildFile; fileRef = 39FA81D51D3AF131007A656A /* Assets.xcassets */; };
		39FA81D91D3AF131007A656A /* LaunchScreen.storyboard in Resources */ = {isa = PBXBuildFile; fileRef = 39FA81D71D3AF131007A656A /* LaunchScreen.storyboard */; };
		39FA81E41D3AF131007A656A /* ResultatAppTests.swift in Sources */ = {isa = PBXBuildFile; fileRef = 39FA81E31D3AF131007A656A /* ResultatAppTests.swift */; };
		39FA81EF1D3AF131007A656A /* ResultatAppUITests.swift in Sources */ = {isa = PBXBuildFile; fileRef = 39FA81EE1D3AF131007A656A /* ResultatAppUITests.swift */; };
/* End PBXBuildFile section */

/* Begin PBXContainerItemProxy section */
		39FA81E01D3AF131007A656A /* PBXContainerItemProxy */ = {
			isa = PBXContainerItemProxy;
			containerPortal = 39FA81C01D3AF130007A656A /* Project object */;
			proxyType = 1;
			remoteGlobalIDString = 39FA81C71D3AF130007A656A;
			remoteInfo = ResultatApp;
		};
		39FA81EB1D3AF131007A656A /* PBXContainerItemProxy */ = {
			isa = PBXContainerItemProxy;
			containerPortal = 39FA81C01D3AF130007A656A /* Project object */;
			proxyType = 1;
			remoteGlobalIDString = 39FA81C71D3AF130007A656A;
			remoteInfo = ResultatApp;
		};
/* End PBXContainerItemProxy section */

/* Begin PBXFileReference section */
		39FA81C81D3AF130007A656A /* ResultatApp.app */ = {isa = PBXFileReference; explicitFileType = wrapper.application; includeInIndex = 0; path = ResultatApp.app; sourceTree = BUILT_PRODUCTS_DIR; };
		39FA81CB1D3AF131007A656A /* AppDelegate.swift */ = {isa = PBXFileReference; lastKnownFileType = sourcecode.swift; path = AppDelegate.swift; sourceTree = "<group>"; };
		39FA81CD1D3AF131007A656A /* ViewController.swift */ = {isa = PBXFileReference; lastKnownFileType = sourcecode.swift; path = ViewController.swift; sourceTree = "<group>"; };
		39FA81D01D3AF131007A656A /* Base */ = {isa = PBXFileReference; lastKnownFileType = file.storyboard; name = Base; path = Base.lproj/Main.storyboard; sourceTree = "<group>"; };
		39FA81D31D3AF131007A656A /* ResultatApp.xcdatamodel */ = {isa = PBXFileReference; lastKnownFileType = wrapper.xcdatamodel; path = ResultatApp.xcdatamodel; sourceTree = "<group>"; };
		39FA81D51D3AF131007A656A /* Assets.xcassets */ = {isa = PBXFileReference; lastKnownFileType = folder.assetcatalog; path = Assets.xcassets; sourceTree = "<group>"; };
		39FA81D81D3AF131007A656A /* Base */ = {isa = PBXFileReference; lastKnownFileType = file.storyboard; name = Base; path = Base.lproj/LaunchScreen.storyboard; sourceTree = "<group>"; };
		39FA81DA1D3AF131007A656A /* Info.plist */ = {isa = PBXFileReference; lastKnownFileType = text.plist.xml; path = Info.plist; sourceTree = "<group>"; };
		39FA81DF1D3AF131007A656A /* ResultatAppTests.xctest */ = {isa = PBXFileReference; explicitFileType = wrapper.cfbundle; includeInIndex = 0; path = ResultatAppTests.xctest; sourceTree = BUILT_PRODUCTS_DIR; };
		39FA81E31D3AF131007A656A /* ResultatAppTests.swift */ = {isa = PBXFileReference; lastKnownFileType = sourcecode.swift; path = ResultatAppTests.swift; sourceTree = "<group>"; };
		39FA81E51D3AF131007A656A /* Info.plist */ = {isa = PBXFileReference; lastKnownFileType = text.plist.xml; path = Info.plist; sourceTree = "<group>"; };
		39FA81EA1D3AF131007A656A /* ResultatAppUITests.xctest */ = {isa = PBXFileReference; explicitFileType = wrapper.cfbundle; includeInIndex = 0; path = ResultatAppUITests.xctest; sourceTree = BUILT_PRODUCTS_DIR; };
		39FA81EE1D3AF131007A656A /* ResultatAppUITests.swift */ = {isa = PBXFileReference; lastKnownFileType = sourcecode.swift; path = ResultatAppUITests.swift; sourceTree = "<group>"; };
		39FA81F01D3AF131007A656A /* Info.plist */ = {isa = PBXFileReference; lastKnownFileType = text.plist.xml; path = Info.plist; sourceTree = "<group>"; };
/* End PBXFileReference section */

/* Begin PBXFrameworksBuildPhase section */
		39FA81C51D3AF130007A656A /* Frameworks */ = {
			isa = PBXFrameworksBuildPhase;
			buildActionMask = 2147483647;
			files = (
			);
			runOnlyForDeploymentPostprocessing = 0;
		};
		39FA81DC1D3AF131007A656A /* Frameworks */ = {
			isa = PBXFrameworksBuildPhase;
			buildActionMask = 2147483647;
			files = (
			);
			runOnlyForDeploymentPostprocessing = 0;
		};
		39FA81E71D3AF131007A656A /* Frameworks */ = {
			isa = PBXFrameworksBuildPhase;
			buildActionMask = 2147483647;
			files = (
			);
			runOnlyForDeploymentPostprocessing = 0;
		};
/* End PBXFrameworksBuildPhase section */

/* Begin PBXGroup section */
		39FA81BF1D3AF130007A656A = {
			isa = PBXGroup;
			children = (
				39FA81CA1D3AF131007A656A /* ResultatApp */,
				39FA81E21D3AF131007A656A /* ResultatAppTests */,
				39FA81ED1D3AF131007A656A /* ResultatAppUITests */,
				39FA81C91D3AF130007A656A /* Products */,
			);
			sourceTree = "<group>";
		};
		39FA81C91D3AF130007A656A /* Products */ = {
			isa = PBXGroup;
			children = (
				39FA81C81D3AF130007A656A /* ResultatApp.app */,
				39FA81DF1D3AF131007A656A /* ResultatAppTests.xctest */,
				39FA81EA1D3AF131007A656A /* ResultatAppUITests.xctest */,
			);
			name = Products;
			sourceTree = "<group>";
		};
		39FA81CA1D3AF131007A656A /* ResultatApp */ = {
			isa = PBXGroup;
			children = (
				39FA81CB1D3AF131007A656A /* AppDelegate.swift */,
				39FA81CD1D3AF131007A656A /* ViewController.swift */,
				39FA81CF1D3AF131007A656A /* Main.storyboard */,
				39FA81D51D3AF131007A656A /* Assets.xcassets */,
				39FA81D71D3AF131007A656A /* LaunchScreen.storyboard */,
				39FA81DA1D3AF131007A656A /* Info.plist */,
				39FA81D21D3AF131007A656A /* ResultatApp.xcdatamodeld */,
			);
			path = ResultatApp;
			sourceTree = "<group>";
		};
		39FA81E21D3AF131007A656A /* ResultatAppTests */ = {
			isa = PBXGroup;
			children = (
				39FA81E31D3AF131007A656A /* ResultatAppTests.swift */,
				39FA81E51D3AF131007A656A /* Info.plist */,
			);
			path = ResultatAppTests;
			sourceTree = "<group>";
		};
		39FA81ED1D3AF131007A656A /* ResultatAppUITests */ = {
			isa = PBXGroup;
			children = (
				39FA81EE1D3AF131007A656A /* ResultatAppUITests.swift */,
				39FA81F01D3AF131007A656A /* Info.plist */,
			);
			path = ResultatAppUITests;
			sourceTree = "<group>";
		};
/* End PBXGroup section */

/* Begin PBXNativeTarget section */
		39FA81C71D3AF130007A656A /* ResultatApp */ = {
			isa = PBXNativeTarget;
			buildConfigurationList = 39FA81F31D3AF131007A656A /* Build configuration list for PBXNativeTarget "ResultatApp" */;
			buildPhases = (
				39FA81C41D3AF130007A656A /* Sources */,
				39FA81C51D3AF130007A656A /* Frameworks */,
				39FA81C61D3AF130007A656A /* Resources */,
			);
			buildRules = (
			);
			dependencies = (
			);
			name = ResultatApp;
			productName = ResultatApp;
			productReference = 39FA81C81D3AF130007A656A /* ResultatApp.app */;
			productType = "com.apple.product-type.application";
		};
		39FA81DE1D3AF131007A656A /* ResultatAppTests */ = {
			isa = PBXNativeTarget;
			buildConfigurationList = 39FA81F61D3AF131007A656A /* Build configuration list for PBXNativeTarget "ResultatAppTests" */;
			buildPhases = (
				39FA81DB1D3AF131007A656A /* Sources */,
				39FA81DC1D3AF131007A656A /* Frameworks */,
				39FA81DD1D3AF131007A656A /* Resources */,
			);
			buildRules = (
			);
			dependencies = (
				39FA81E11D3AF131007A656A /* PBXTargetDependency */,
			);
			name = ResultatAppTests;
			productName = ResultatAppTests;
			productReference = 39FA81DF1D3AF131007A656A /* ResultatAppTests.xctest */;
			productType = "com.apple.product-type.bundle.unit-test";
		};
		39FA81E91D3AF131007A656A /* ResultatAppUITests */ = {
			isa = PBXNativeTarget;
			buildConfigurationList = 39FA81F91D3AF131007A656A /* Build configuration list for PBXNativeTarget "ResultatAppUITests" */;
			buildPhases = (
				39FA81E61D3AF131007A656A /* Sources */,
				39FA81E71D3AF131007A656A /* Frameworks */,
				39FA81E81D3AF131007A656A /* Resources */,
			);
			buildRules = (
			);
			dependencies = (
				39FA81EC1D3AF131007A656A /* PBXTargetDependency */,
			);
			name = ResultatAppUITests;
			productName = ResultatAppUITests;
			productReference = 39FA81EA1D3AF131007A656A /* ResultatAppUITests.xctest */;
			productType = "com.apple.product-type.bundle.ui-testing";
		};
/* End PBXNativeTarget section */

/* Begin PBXProject section */
		39FA81C01D3AF130007A656A /* Project object */ = {
			isa = PBXProject;
			attributes = {
				LastSwiftUpdateCheck = 0730;
				LastUpgradeCheck = 0730;
				ORGANIZATIONNAME = "Jani Pasanen";
				TargetAttributes = {
					39FA81C71D3AF130007A656A = {
						CreatedOnToolsVersion = 7.3.1;
						DevelopmentTeam = GZP9KMPBH2;
					};
					39FA81DE1D3AF131007A656A = {
						CreatedOnToolsVersion = 7.3.1;
						TestTargetID = 39FA81C71D3AF130007A656A;
					};
					39FA81E91D3AF131007A656A = {
						CreatedOnToolsVersion = 7.3.1;
						TestTargetID = 39FA81C71D3AF130007A656A;
					};
				};
			};
			buildConfigurationList = 39FA81C31D3AF130007A656A /* Build configuration list for PBXProject "ResultatApp" */;
			compatibilityVersion = "Xcode 3.2";
			developmentRegion = English;
			hasScannedForEncodings = 0;
			knownRegions = (
				en,
				Base,
			);
			mainGroup = 39FA81BF1D3AF130007A656A;
			productRefGroup = 39FA81C91D3AF130007A656A /* Products */;
			projectDirPath = "";
			projectRoot = "";
			targets = (
				39FA81C71D3AF130007A656A /* ResultatApp */,
				39FA81DE1D3AF131007A656A /* ResultatAppTests */,
				39FA81E91D3AF131007A656A /* ResultatAppUITests */,
			);
		};
/* End PBXProject section */

/* Begin PBXResourcesBuildPhase section */
		39FA81C61D3AF130007A656A /* Resources */ = {
			isa = PBXResourcesBuildPhase;
			buildActionMask = 2147483647;
			files = (
				39FA81D91D3AF131007A656A /* LaunchScreen.storyboard in Resources */,
				39FA81D61D3AF131007A656A /* Assets.xcassets in Resources */,
				39FA81D11D3AF131007A656A /* Main.storyboard in Resources */,
			);
			runOnlyForDeploymentPostprocessing = 0;
		};
		39FA81DD1D3AF131007A656A /* Resources */ = {
			isa = PBXResourcesBuildPhase;
			buildActionMask = 2147483647;
			files = (
			);
			runOnlyForDeploymentPostprocessing = 0;
		};
		39FA81E81D3AF131007A656A /* Resources */ = {
			isa = PBXResourcesBuildPhase;
			buildActionMask = 2147483647;
			files = (
			);
			runOnlyForDeploymentPostprocessing = 0;
		};
/* End PBXResourcesBuildPhase section */

/* Begin PBXSourcesBuildPhase section */
		39FA81C41D3AF130007A656A /* Sources */ = {
			isa = PBXSourcesBuildPhase;
			buildActionMask = 2147483647;
			files = (
				39FA81D41D3AF131007A656A /* ResultatApp.xcdatamodeld in Sources */,
				39FA81CE1D3AF131007A656A /* ViewController.swift in Sources */,
				39FA81CC1D3AF131007A656A /* AppDelegate.swift in Sources */,
			);
			runOnlyForDeploymentPostprocessing = 0;
		};
		39FA81DB1D3AF131007A656A /* Sources */ = {
			isa = PBXSourcesBuildPhase;
			buildActionMask = 2147483647;
			files = (
				39FA81E41D3AF131007A656A /* ResultatAppTests.swift in Sources */,
			);
			runOnlyForDeploymentPostprocessing = 0;
		};
		39FA81E61D3AF131007A656A /* Sources */ = {
			isa = PBXSourcesBuildPhase;
			buildActionMask = 2147483647;
			files = (
				39FA81EF1D3AF131007A656A /* ResultatAppUITests.swift in Sources */,
			);
			runOnlyForDeploymentPostprocessing = 0;
		};
/* End PBXSourcesBuildPhase section */

/* Begin PBXTargetDependency section */
		39FA81E11D3AF131007A656A /* PBXTargetDependency */ = {
			isa = PBXTargetDependency;
			target = 39FA81C71D3AF130007A656A /* ResultatApp */;
			targetProxy = 39FA81E01D3AF131007A656A /* PBXContainerItemProxy */;
		};
		39FA81EC1D3AF131007A656A /* PBXTargetDependency */ = {
			isa = PBXTargetDependency;
			target = 39FA81C71D3AF130007A656A /* ResultatApp */;
			targetProxy = 39FA81EB1D3AF131007A656A /* PBXContainerItemProxy */;
		};
/* End PBXTargetDependency section */

/* Begin PBXVariantGroup section */
		39FA81CF1D3AF131007A656A /* Main.storyboard */ = {
			isa = PBXVariantGroup;
			children = (
				39FA81D01D3AF131007A656A /* Base */,
			);
			name = Main.storyboard;
			sourceTree = "<group>";
		};
		39FA81D71D3AF131007A656A /* LaunchScreen.storyboard */ = {
			isa = PBXVariantGroup;
			children = (
				39FA81D81D3AF131007A656A /* Base */,
			);
			name = LaunchScreen.storyboard;
			sourceTree = "<group>";
		};
/* End PBXVariantGroup section */

/* Begin XCBuildConfiguration section */
		39FA81F11D3AF131007A656A /* Debug */ = {
			isa = XCBuildConfiguration;
			buildSettings = {
				ALWAYS_SEARCH_USER_PATHS = NO;
				CLANG_ANALYZER_NONNULL = YES;
				CLANG_CXX_LANGUAGE_STANDARD = "gnu++0x";
				CLANG_CXX_LIBRARY = "libc++";
				CLANG_ENABLE_MODULES = YES;
				CLANG_ENABLE_OBJC_ARC = YES;
				CLANG_WARN_BOOL_CONVERSION = YES;
				CLANG_WARN_CONSTANT_CONVERSION = YES;
				CLANG_WARN_DIRECT_OBJC_ISA_USAGE = YES_ERROR;
				CLANG_WARN_EMPTY_BODY = YES;
				CLANG_WARN_ENUM_CONVERSION = YES;
				CLANG_WARN_INT_CONVERSION = YES;
				CLANG_WARN_OBJC_ROOT_CLASS = YES_ERROR;
				CLANG_WARN_UNREACHABLE_CODE = YES;
				CLANG_WARN__DUPLICATE_METHOD_MATCH = YES;
				"CODE_SIGN_IDENTITY[sdk=iphoneos*]" = "iPhone Developer";
				COPY_PHASE_STRIP = NO;
				DEBUG_INFORMATION_FORMAT = dwarf;
				ENABLE_STRICT_OBJC_MSGSEND = YES;
				ENABLE_TESTABILITY = YES;
				GCC_C_LANGUAGE_STANDARD = gnu99;
				GCC_DYNAMIC_NO_PIC = NO;
				GCC_NO_COMMON_BLOCKS = YES;
				GCC_OPTIMIZATION_LEVEL = 0;
				GCC_PREPROCESSOR_DEFINITIONS = (
					"DEBUG=1",
					"$(inherited)",
				);
				GCC_WARN_64_TO_32_BIT_CONVERSION = YES;
				GCC_WARN_ABOUT_RETURN_TYPE = YES_ERROR;
				GCC_WARN_UNDECLARED_SELECTOR = YES;
				GCC_WARN_UNINITIALIZED_AUTOS = YES_AGGRESSIVE;
				GCC_WARN_UNUSED_FUNCTION = YES;
				GCC_WARN_UNUSED_VARIABLE = YES;
				IPHONEOS_DEPLOYMENT_TARGET = 9.3;
				MTL_ENABLE_DEBUG_INFO = YES;
				ONLY_ACTIVE_ARCH = YES;
				SDKROOT = iphoneos;
				SWIFT_OPTIMIZATION_LEVEL = "-Onone";
				TARGETED_DEVICE_FAMILY = 2;
			};
			name = Debug;
		};
		39FA81F21D3AF131007A656A /* Release */ = {
			isa = XCBuildConfiguration;
			buildSettings = {
				ALWAYS_SEARCH_USER_PATHS = NO;
				CLANG_ANALYZER_NONNULL = YES;
				CLANG_CXX_LANGUAGE_STANDARD = "gnu++0x";
				CLANG_CXX_LIBRARY = "libc++";
				CLANG_ENABLE_MODULES = YES;
				CLANG_ENABLE_OBJC_ARC = YES;
				CLANG_WARN_BOOL_CONVERSION = YES;
				CLANG_WARN_CONSTANT_CONVERSION = YES;
				CLANG_WARN_DIRECT_OBJC_ISA_USAGE = YES_ERROR;
				CLANG_WARN_EMPTY_BODY = YES;
				CLANG_WARN_ENUM_CONVERSION = YES;
				CLANG_WARN_INT_CONVERSION = YES;
				CLANG_WARN_OBJC_ROOT_CLASS = YES_ERROR;
				CLANG_WARN_UNREACHABLE_CODE = YES;
				CLANG_WARN__DUPLICATE_METHOD_MATCH = YES;
				"CODE_SIGN_IDENTITY[sdk=iphoneos*]" = "iPhone Developer";
				COPY_PHASE_STRIP = NO;
				DEBUG_INFORMATION_FORMAT = "dwarf-with-dsym";
				ENABLE_NS_ASSERTIONS = NO;
				ENABLE_STRICT_OBJC_MSGSEND = YES;
				GCC_C_LANGUAGE_STANDARD = gnu99;
				GCC_NO_COMMON_BLOCKS = YES;
				GCC_WARN_64_TO_32_BIT_CONVERSION = YES;
				GCC_WARN_ABOUT_RETURN_TYPE = YES_ERROR;
				GCC_WARN_UNDECLARED_SELECTOR = YES;
				GCC_WARN_UNINITIALIZED_AUTOS = YES_AGGRESSIVE;
				GCC_WARN_UNUSED_FUNCTION = YES;
				GCC_WARN_UNUSED_VARIABLE = YES;
				IPHONEOS_DEPLOYMENT_TARGET = 9.3;
				MTL_ENABLE_DEBUG_INFO = NO;
				SDKROOT = iphoneos;
				TARGETED_DEVICE_FAMILY = 2;
				VALIDATE_PRODUCT = YES;
			};
			name = Release;
		};
		39FA81F41D3AF131007A656A /* Debug */ = {
			isa = XCBuildConfiguration;
			buildSettings = {
				ASSETCATALOG_COMPILER_APPICON_NAME = AppIcon;
				CODE_SIGN_IDENTITY = "iPhone Developer";
				INFOPLIST_FILE = ResultatApp/Info.plist;
				LD_RUNPATH_SEARCH_PATHS = "$(inherited) @executable_path/Frameworks";
				PRODUCT_BUNDLE_IDENTIFIER = se.janipasanen.ResultatApp;
				PRODUCT_NAME = "$(TARGET_NAME)";
			};
			name = Debug;
		};
		39FA81F51D3AF131007A656A /* Release */ = {
			isa = XCBuildConfiguration;
			buildSettings = {
				ASSETCATALOG_COMPILER_APPICON_NAME = AppIcon;
				CODE_SIGN_IDENTITY = "iPhone Developer";
				INFOPLIST_FILE = ResultatApp/Info.plist;
				LD_RUNPATH_SEARCH_PATHS = "$(inherited) @executable_path/Frameworks";
				PRODUCT_BUNDLE_IDENTIFIER = se.janipasanen.ResultatApp;
				PRODUCT_NAME = "$(TARGET_NAME)";
			};
			name = Release;
		};
		39FA81F71D3AF131007A656A /* Debug */ = {
			isa = XCBuildConfiguration;
			buildSettings = {
				BUNDLE_LOADER = "$(TEST_HOST)";
				INFOPLIST_FILE = ResultatAppTests/Info.plist;
				LD_RUNPATH_SEARCH_PATHS = "$(inherited) @executable_path/Frameworks @loader_path/Frameworks";
				PRODUCT_BUNDLE_IDENTIFIER = se.janipasanen.ResultatAppTests;
				PRODUCT_NAME = "$(TARGET_NAME)";
				TEST_HOST = "$(BUILT_PRODUCTS_DIR)/ResultatApp.app/ResultatApp";
			};
			name = Debug;
		};
		39FA81F81D3AF131007A656A /* Release */ = {
			isa = XCBuildConfiguration;
			buildSettings = {
				BUNDLE_LOADER = "$(TEST_HOST)";
				INFOPLIST_FILE = ResultatAppTests/Info.plist;
				LD_RUNPATH_SEARCH_PATHS = "$(inherited) @executable_path/Frameworks @loader_path/Frameworks";
				PRODUCT_BUNDLE_IDENTIFIER = se.janipasanen.ResultatAppTests;
				PRODUCT_NAME = "$(TARGET_NAME)";
				TEST_HOST = "$(BUILT_PRODUCTS_DIR)/ResultatApp.app/ResultatApp";
			};
			name = Release;
		};
		39FA81FA1D3AF131007A656A /* Debug */ = {
			isa = XCBuildConfiguration;
			buildSettings = {
				INFOPLIST_FILE = ResultatAppUITests/Info.plist;
				LD_RUNPATH_SEARCH_PATHS = "$(inherited) @executable_path/Frameworks @loader_path/Frameworks";
				PRODUCT_BUNDLE_IDENTIFIER = se.janipasanen.ResultatAppUITests;
				PRODUCT_NAME = "$(TARGET_NAME)";
				TEST_TARGET_NAME = ResultatApp;
			};
			name = Debug;
		};
		39FA81FB1D3AF131007A656A /* Release */ = {
			isa = XCBuildConfiguration;
			buildSettings = {
				INFOPLIST_FILE = ResultatAppUITests/Info.plist;
				LD_RUNPATH_SEARCH_PATHS = "$(inherited) @executable_path/Frameworks @loader_path/Frameworks";
				PRODUCT_BUNDLE_IDENTIFIER = se.janipasanen.ResultatAppUITests;
				PRODUCT_NAME = "$(TARGET_NAME)";
				TEST_TARGET_NAME = ResultatApp;
			};
			name = Release;
		};
/* End XCBuildConfiguration section */

/* Begin XCConfigurationList section */
		39FA81C31D3AF130007A656A /* Build configuration list for PBXProject "ResultatApp" */ = {
			isa = XCConfigurationList;
			buildConfigurations = (
				39FA81F11D3AF131007A656A /* Debug */,
				39FA81F21D3AF131007A656A /* Release */,
			);
			defaultConfigurationIsVisible = 0;
			defaultConfigurationName = Release;
		};
		39FA81F31D3AF131007A656A /* Build configuration list for PBXNativeTarget "ResultatApp" */ = {
			isa = XCConfigurationList;
			buildConfigurations = (
				39FA81F41D3AF131007A656A /* Debug */,
				39FA81F51D3AF131007A656A /* Release */,
			);
			defaultConfigurationIsVisible = 0;
		};
		39FA81F61D3AF131007A656A /* Build configuration list for PBXNativeTarget "ResultatAppTests" */ = {
			isa = XCConfigurationList;
			buildConfigurations = (
				39FA81F71D3AF131007A656A /* Debug */,
				39FA81F81D3AF131007A656A /* Release */,
			);
			defaultConfigurationIsVisible = 0;
		};
		39FA81F91D3AF131007A656A /* Build configuration list for PBXNativeTarget "ResultatAppUITests" */ = {
			isa = XCConfigurationList;
			buildConfigurations = (
				39FA81FA1D3AF131007A656A /* Debug */,
				39FA81FB1D3AF131007A656A /* Release */,
			);
			defaultConfigurationIsVisible = 0;
		};
/* End XCConfigurationList section */

/* Begin XCVersionGroup section */
		39FA81D21D3AF131007A656A /* ResultatApp.xcdatamodeld */ = {
			isa = XCVersionGroup;
			children = (
				39FA81D31D3AF131007A656A /* ResultatApp.xcdatamodel */,
			);
			currentVersion = 39FA81D31D3AF131007A656A /* ResultatApp.xcdatamodel */;
			path = ResultatApp.xcdatamodeld;
			sourceTree = "<group>";
			versionGroupType = wrapper.xcdatamodel;
		};
/* End XCVersionGroup section */
	};
	rootObject = 39FA81C01D3AF130007A656A /* Project object */;
}
